// !$*UTF8*$!
{
	archiveVersion = 1;
	classes = {
	};
	objectVersion = 50;
	objects = {

/* Begin PBXBuildFile section */
		2D11FD6924367EA900EC89D9 /* Journal+TextViewDelegate.swift in Sources */ = {isa = PBXBuildFile; fileRef = 2D11FD6824367EA900EC89D9 /* Journal+TextViewDelegate.swift */; };
		2D14EBDC243E752B004CB7E2 /* ReminderManager.swift in Sources */ = {isa = PBXBuildFile; fileRef = 2D14EBDB243E752B004CB7E2 /* ReminderManager.swift */; };
		2D14EBDE243E7740004CB7E2 /* NotificationManager.swift in Sources */ = {isa = PBXBuildFile; fileRef = 2D14EBDD243E7740004CB7E2 /* NotificationManager.swift */; };
		2D26545E2440F6EE00FBFF74 /* OutsideViewController.swift in Sources */ = {isa = PBXBuildFile; fileRef = 2D26545D2440F6EE00FBFF74 /* OutsideViewController.swift */; };
		2D2654612441165800FBFF74 /* CellCheckDelegate.swift in Sources */ = {isa = PBXBuildFile; fileRef = 2D2654602441165800FBFF74 /* CellCheckDelegate.swift */; };
		2D2EF6A22465F2EE00E497DC /* PopUpViewController.swift in Sources */ = {isa = PBXBuildFile; fileRef = 2D2EF6A12465F2EE00E497DC /* PopUpViewController.swift */; };
		2D2EF6A4246600FF00E497DC /* InventoryViewController.swift in Sources */ = {isa = PBXBuildFile; fileRef = 2D2EF6A3246600FF00E497DC /* InventoryViewController.swift */; };
		2D2EF6A62466017E00E497DC /* InventoryCollectionViewCell.swift in Sources */ = {isa = PBXBuildFile; fileRef = 2D2EF6A52466017E00E497DC /* InventoryCollectionViewCell.swift */; };
		2D384C1D243BBBE600D0FFEB /* PageViewController.swift in Sources */ = {isa = PBXBuildFile; fileRef = 2D384C1C243BBBE600D0FFEB /* PageViewController.swift */; };
		2D384C1F243BC2B700D0FFEB /* ContentViewController.swift in Sources */ = {isa = PBXBuildFile; fileRef = 2D384C1E243BC2B700D0FFEB /* ContentViewController.swift */; };
		2D384C21243BCA3B00D0FFEB /* PageControllerManager.swift in Sources */ = {isa = PBXBuildFile; fileRef = 2D384C20243BCA3B00D0FFEB /* PageControllerManager.swift */; };
		2D384C23243BCB5E00D0FFEB /* EntryManager.swift in Sources */ = {isa = PBXBuildFile; fileRef = 2D384C22243BCB5E00D0FFEB /* EntryManager.swift */; };
		2D41EF28242D5CE20058C443 /* PhotoManager.swift in Sources */ = {isa = PBXBuildFile; fileRef = 2D41EF27242D5CE20058C443 /* PhotoManager.swift */; };
		2D41EF2A242D5DCF0058C443 /* Favorites+CollectionView.swift in Sources */ = {isa = PBXBuildFile; fileRef = 2D41EF29242D5DCF0058C443 /* Favorites+CollectionView.swift */; };
		2D41EF2F242D5EBB0058C443 /* DocumentsManager.swift in Sources */ = {isa = PBXBuildFile; fileRef = 2D41EF2E242D5EBB0058C443 /* DocumentsManager.swift */; };
		2D41EF31242D607C0058C443 /* FavoriteThingsViewController.swift in Sources */ = {isa = PBXBuildFile; fileRef = 2D41EF30242D607C0058C443 /* FavoriteThingsViewController.swift */; };
		2D48CC3A242548B200D0FBBB /* AppDelegate.swift in Sources */ = {isa = PBXBuildFile; fileRef = 2D48CC39242548B200D0FBBB /* AppDelegate.swift */; };
		2D48CC3C242548B200D0FBBB /* SceneDelegate.swift in Sources */ = {isa = PBXBuildFile; fileRef = 2D48CC3B242548B200D0FBBB /* SceneDelegate.swift */; };
		2D48CC3E242548B200D0FBBB /* ViewController.swift in Sources */ = {isa = PBXBuildFile; fileRef = 2D48CC3D242548B200D0FBBB /* ViewController.swift */; };
		2D48CC41242548B200D0FBBB /* Main.storyboard in Resources */ = {isa = PBXBuildFile; fileRef = 2D48CC3F242548B200D0FBBB /* Main.storyboard */; };
		2D48CC46242548B400D0FBBB /* LaunchScreen.storyboard in Resources */ = {isa = PBXBuildFile; fileRef = 2D48CC44242548B400D0FBBB /* LaunchScreen.storyboard */; };
		2D5D6F362464830C00993969 /* MiniGameViewController.swift in Sources */ = {isa = PBXBuildFile; fileRef = 2D5D6F352464830C00993969 /* MiniGameViewController.swift */; };
		2D7E2AF324477CFA006C76BD /* Assets.xcassets in Resources */ = {isa = PBXBuildFile; fileRef = 2D7E2AF224477CFA006C76BD /* Assets.xcassets */; };
		2D7FCAB824324F2F00E2DEC4 /* PhotoViewController.swift in Sources */ = {isa = PBXBuildFile; fileRef = 2D7FCAB724324F2F00E2DEC4 /* PhotoViewController.swift */; };
		2D7FCABA2432506100E2DEC4 /* Photo+ScrollViewDelegate.swift in Sources */ = {isa = PBXBuildFile; fileRef = 2D7FCAB92432506100E2DEC4 /* Photo+ScrollViewDelegate.swift */; };
		2D7FCABC243263E800E2DEC4 /* ReminderViewController.swift in Sources */ = {isa = PBXBuildFile; fileRef = 2D7FCABB243263E800E2DEC4 /* ReminderViewController.swift */; };
		2D7FCABE2432918C00E2DEC4 /* ReminderListViewController.swift in Sources */ = {isa = PBXBuildFile; fileRef = 2D7FCABD2432918C00E2DEC4 /* ReminderListViewController.swift */; };
		2D7FCAC02432968F00E2DEC4 /* ReminderTableViewCell.swift in Sources */ = {isa = PBXBuildFile; fileRef = 2D7FCABF2432968F00E2DEC4 /* ReminderTableViewCell.swift */; };
		2D7FCAC224329CDE00E2DEC4 /* ReminderList+TableView.swift in Sources */ = {isa = PBXBuildFile; fileRef = 2D7FCAC124329CDE00E2DEC4 /* ReminderList+TableView.swift */; };
		2D867DAE243E80B7005BE38F /* Alerts.swift in Sources */ = {isa = PBXBuildFile; fileRef = 2D867DAD243E80B7005BE38F /* Alerts.swift */; };
		2D8C838D2433CBB2006711F2 /* Data.xcdatamodeld in Sources */ = {isa = PBXBuildFile; fileRef = 2D8C838B2433CBB2006711F2 /* Data.xcdatamodeld */; };
		2D8C838F2433CDD9006711F2 /* CoreDataManager.swift in Sources */ = {isa = PBXBuildFile; fileRef = 2D8C838E2433CDD9006711F2 /* CoreDataManager.swift */; };
		2D8F9042243F9E8F00211802 /* ActivityTableViewCell.swift in Sources */ = {isa = PBXBuildFile; fileRef = 2D8F9041243F9E8F00211802 /* ActivityTableViewCell.swift */; };
		2D8F9045243FC2EF00211802 /* ActivitiesViewController.swift in Sources */ = {isa = PBXBuildFile; fileRef = 2D8F9044243FC2EF00211802 /* ActivitiesViewController.swift */; };
		2D8F9049243FC51800211802 /* Activities+TableView.swift in Sources */ = {isa = PBXBuildFile; fileRef = 2D8F9048243FC51800211802 /* Activities+TableView.swift */; };
		2D8F904B243FC5B900211802 /* ActivityManager.swift in Sources */ = {isa = PBXBuildFile; fileRef = 2D8F904A243FC5B900211802 /* ActivityManager.swift */; };
		2DB1D48924573DDD00512E4F /* CareManager.swift in Sources */ = {isa = PBXBuildFile; fileRef = 2DB1D48824573DDD00512E4F /* CareManager.swift */; };
		2DB1D48B2457415000512E4F /* ViewController+CoreData.swift in Sources */ = {isa = PBXBuildFile; fileRef = 2DB1D48A2457415000512E4F /* ViewController+CoreData.swift */; };
		2DD2C319246352F40070934D /* audio_hero_NightAmbienceCalm+PE011801.mp3 in Resources */ = {isa = PBXBuildFile; fileRef = 2DD2C318246352F40070934D /* audio_hero_NightAmbienceCalm+PE011801.mp3 */; };
		2DD2C31B246353310070934D /* Sounds.swift in Sources */ = {isa = PBXBuildFile; fileRef = 2DD2C31A246353310070934D /* Sounds.swift */; };
		2DD50C1B242D47B200073B49 /* AnimationExtensions.swift in Sources */ = {isa = PBXBuildFile; fileRef = 2DD50C1A242D47B200073B49 /* AnimationExtensions.swift */; };
		2DD50C1D242D535F00073B49 /* JournalViewController.swift in Sources */ = {isa = PBXBuildFile; fileRef = 2DD50C1C242D535F00073B49 /* JournalViewController.swift */; };
		2DD50C21242D58F600073B49 /* PhotoCollectionViewCell.swift in Sources */ = {isa = PBXBuildFile; fileRef = 2DD50C20242D58F600073B49 /* PhotoCollectionViewCell.swift */; };
		2DDA8C002450B7A20025950B /* AnimationTimer.swift in Sources */ = {isa = PBXBuildFile; fileRef = 2DDA8BFF2450B7A20025950B /* AnimationTimer.swift */; };
		2DDEA32B242A98E800717E8C /* AnimationManager.swift in Sources */ = {isa = PBXBuildFile; fileRef = 2DDEA32A242A98E800717E8C /* AnimationManager.swift */; };
		2DFD54B124660B100096FD5C /* Seedling.swift in Sources */ = {isa = PBXBuildFile; fileRef = 2DFD54B024660B100096FD5C /* Seedling.swift */; };
/* End PBXBuildFile section */

/* Begin PBXFileReference section */
		2D11FD6824367EA900EC89D9 /* Journal+TextViewDelegate.swift */ = {isa = PBXFileReference; lastKnownFileType = sourcecode.swift; path = "Journal+TextViewDelegate.swift"; sourceTree = "<group>"; };
		2D14EBDB243E752B004CB7E2 /* ReminderManager.swift */ = {isa = PBXFileReference; lastKnownFileType = sourcecode.swift; path = ReminderManager.swift; sourceTree = "<group>"; };
		2D14EBDD243E7740004CB7E2 /* NotificationManager.swift */ = {isa = PBXFileReference; lastKnownFileType = sourcecode.swift; path = NotificationManager.swift; sourceTree = "<group>"; };
		2D26545D2440F6EE00FBFF74 /* OutsideViewController.swift */ = {isa = PBXFileReference; lastKnownFileType = sourcecode.swift; path = OutsideViewController.swift; sourceTree = "<group>"; };
		2D2654602441165800FBFF74 /* CellCheckDelegate.swift */ = {isa = PBXFileReference; lastKnownFileType = sourcecode.swift; path = CellCheckDelegate.swift; sourceTree = "<group>"; };
		2D2EF6A12465F2EE00E497DC /* PopUpViewController.swift */ = {isa = PBXFileReference; lastKnownFileType = sourcecode.swift; path = PopUpViewController.swift; sourceTree = "<group>"; };
		2D2EF6A3246600FF00E497DC /* InventoryViewController.swift */ = {isa = PBXFileReference; lastKnownFileType = sourcecode.swift; path = InventoryViewController.swift; sourceTree = "<group>"; };
		2D2EF6A52466017E00E497DC /* InventoryCollectionViewCell.swift */ = {isa = PBXFileReference; lastKnownFileType = sourcecode.swift; path = InventoryCollectionViewCell.swift; sourceTree = "<group>"; };
		2D384C1C243BBBE600D0FFEB /* PageViewController.swift */ = {isa = PBXFileReference; lastKnownFileType = sourcecode.swift; path = PageViewController.swift; sourceTree = "<group>"; };
		2D384C1E243BC2B700D0FFEB /* ContentViewController.swift */ = {isa = PBXFileReference; lastKnownFileType = sourcecode.swift; path = ContentViewController.swift; sourceTree = "<group>"; };
		2D384C20243BCA3B00D0FFEB /* PageControllerManager.swift */ = {isa = PBXFileReference; lastKnownFileType = sourcecode.swift; path = PageControllerManager.swift; sourceTree = "<group>"; };
		2D384C22243BCB5E00D0FFEB /* EntryManager.swift */ = {isa = PBXFileReference; lastKnownFileType = sourcecode.swift; path = EntryManager.swift; sourceTree = "<group>"; };
		2D41EF27242D5CE20058C443 /* PhotoManager.swift */ = {isa = PBXFileReference; lastKnownFileType = sourcecode.swift; path = PhotoManager.swift; sourceTree = "<group>"; };
		2D41EF29242D5DCF0058C443 /* Favorites+CollectionView.swift */ = {isa = PBXFileReference; lastKnownFileType = sourcecode.swift; path = "Favorites+CollectionView.swift"; sourceTree = "<group>"; };
		2D41EF2E242D5EBB0058C443 /* DocumentsManager.swift */ = {isa = PBXFileReference; lastKnownFileType = sourcecode.swift; path = DocumentsManager.swift; sourceTree = "<group>"; };
		2D41EF30242D607C0058C443 /* FavoriteThingsViewController.swift */ = {isa = PBXFileReference; lastKnownFileType = sourcecode.swift; path = FavoriteThingsViewController.swift; sourceTree = "<group>"; };
		2D48CC36242548B200D0FBBB /* Calm Cloud.app */ = {isa = PBXFileReference; explicitFileType = wrapper.application; includeInIndex = 0; path = "Calm Cloud.app"; sourceTree = BUILT_PRODUCTS_DIR; };
		2D48CC39242548B200D0FBBB /* AppDelegate.swift */ = {isa = PBXFileReference; lastKnownFileType = sourcecode.swift; path = AppDelegate.swift; sourceTree = "<group>"; };
		2D48CC3B242548B200D0FBBB /* SceneDelegate.swift */ = {isa = PBXFileReference; lastKnownFileType = sourcecode.swift; path = SceneDelegate.swift; sourceTree = "<group>"; };
		2D48CC3D242548B200D0FBBB /* ViewController.swift */ = {isa = PBXFileReference; lastKnownFileType = sourcecode.swift; path = ViewController.swift; sourceTree = "<group>"; };
		2D48CC40242548B200D0FBBB /* Base */ = {isa = PBXFileReference; lastKnownFileType = file.storyboard; name = Base; path = Base.lproj/Main.storyboard; sourceTree = "<group>"; };
		2D48CC45242548B400D0FBBB /* Base */ = {isa = PBXFileReference; lastKnownFileType = file.storyboard; name = Base; path = Base.lproj/LaunchScreen.storyboard; sourceTree = "<group>"; };
		2D48CC47242548B400D0FBBB /* Info.plist */ = {isa = PBXFileReference; lastKnownFileType = text.plist.xml; path = Info.plist; sourceTree = "<group>"; };
		2D5D6F352464830C00993969 /* MiniGameViewController.swift */ = {isa = PBXFileReference; lastKnownFileType = sourcecode.swift; path = MiniGameViewController.swift; sourceTree = "<group>"; };
		2D7E2AF224477CFA006C76BD /* Assets.xcassets */ = {isa = PBXFileReference; lastKnownFileType = folder.assetcatalog; path = Assets.xcassets; sourceTree = "<group>"; };
		2D7FCAB724324F2F00E2DEC4 /* PhotoViewController.swift */ = {isa = PBXFileReference; lastKnownFileType = sourcecode.swift; path = PhotoViewController.swift; sourceTree = "<group>"; };
		2D7FCAB92432506100E2DEC4 /* Photo+ScrollViewDelegate.swift */ = {isa = PBXFileReference; lastKnownFileType = sourcecode.swift; path = "Photo+ScrollViewDelegate.swift"; sourceTree = "<group>"; };
		2D7FCABB243263E800E2DEC4 /* ReminderViewController.swift */ = {isa = PBXFileReference; lastKnownFileType = sourcecode.swift; path = ReminderViewController.swift; sourceTree = "<group>"; };
		2D7FCABD2432918C00E2DEC4 /* ReminderListViewController.swift */ = {isa = PBXFileReference; lastKnownFileType = sourcecode.swift; path = ReminderListViewController.swift; sourceTree = "<group>"; };
		2D7FCABF2432968F00E2DEC4 /* ReminderTableViewCell.swift */ = {isa = PBXFileReference; lastKnownFileType = sourcecode.swift; path = ReminderTableViewCell.swift; sourceTree = "<group>"; };
		2D7FCAC124329CDE00E2DEC4 /* ReminderList+TableView.swift */ = {isa = PBXFileReference; lastKnownFileType = sourcecode.swift; path = "ReminderList+TableView.swift"; sourceTree = "<group>"; };
		2D867DAD243E80B7005BE38F /* Alerts.swift */ = {isa = PBXFileReference; lastKnownFileType = sourcecode.swift; path = Alerts.swift; sourceTree = "<group>"; };
		2D8C838C2433CBB2006711F2 /* Data.xcdatamodel */ = {isa = PBXFileReference; lastKnownFileType = wrapper.xcdatamodel; path = Data.xcdatamodel; sourceTree = "<group>"; };
		2D8C838E2433CDD9006711F2 /* CoreDataManager.swift */ = {isa = PBXFileReference; lastKnownFileType = sourcecode.swift; path = CoreDataManager.swift; sourceTree = "<group>"; };
		2D8F9041243F9E8F00211802 /* ActivityTableViewCell.swift */ = {isa = PBXFileReference; lastKnownFileType = sourcecode.swift; path = ActivityTableViewCell.swift; sourceTree = "<group>"; };
		2D8F9044243FC2EF00211802 /* ActivitiesViewController.swift */ = {isa = PBXFileReference; lastKnownFileType = sourcecode.swift; path = ActivitiesViewController.swift; sourceTree = "<group>"; };
		2D8F9048243FC51800211802 /* Activities+TableView.swift */ = {isa = PBXFileReference; lastKnownFileType = sourcecode.swift; path = "Activities+TableView.swift"; sourceTree = "<group>"; };
		2D8F904A243FC5B900211802 /* ActivityManager.swift */ = {isa = PBXFileReference; lastKnownFileType = sourcecode.swift; path = ActivityManager.swift; sourceTree = "<group>"; wrapsLines = 1; };
		2DB1D48824573DDD00512E4F /* CareManager.swift */ = {isa = PBXFileReference; lastKnownFileType = sourcecode.swift; path = CareManager.swift; sourceTree = "<group>"; };
		2DB1D48A2457415000512E4F /* ViewController+CoreData.swift */ = {isa = PBXFileReference; lastKnownFileType = sourcecode.swift; path = "ViewController+CoreData.swift"; sourceTree = "<group>"; };
		2DD2C318246352F40070934D /* audio_hero_NightAmbienceCalm+PE011801.mp3 */ = {isa = PBXFileReference; lastKnownFileType = audio.mp3; path = "audio_hero_NightAmbienceCalm+PE011801.mp3"; sourceTree = "<group>"; };
		2DD2C31A246353310070934D /* Sounds.swift */ = {isa = PBXFileReference; lastKnownFileType = sourcecode.swift; path = Sounds.swift; sourceTree = "<group>"; };
		2DD50C1A242D47B200073B49 /* AnimationExtensions.swift */ = {isa = PBXFileReference; lastKnownFileType = sourcecode.swift; path = AnimationExtensions.swift; sourceTree = "<group>"; };
		2DD50C1C242D535F00073B49 /* JournalViewController.swift */ = {isa = PBXFileReference; lastKnownFileType = sourcecode.swift; path = JournalViewController.swift; sourceTree = "<group>"; };
		2DD50C20242D58F600073B49 /* PhotoCollectionViewCell.swift */ = {isa = PBXFileReference; lastKnownFileType = sourcecode.swift; path = PhotoCollectionViewCell.swift; sourceTree = "<group>"; };
		2DDA8BFF2450B7A20025950B /* AnimationTimer.swift */ = {isa = PBXFileReference; lastKnownFileType = sourcecode.swift; path = AnimationTimer.swift; sourceTree = "<group>"; };
		2DDEA32A242A98E800717E8C /* AnimationManager.swift */ = {isa = PBXFileReference; lastKnownFileType = sourcecode.swift; path = AnimationManager.swift; sourceTree = "<group>"; };
		2DFD54B024660B100096FD5C /* Seedling.swift */ = {isa = PBXFileReference; lastKnownFileType = sourcecode.swift; path = Seedling.swift; sourceTree = "<group>"; };
/* End PBXFileReference section */

/* Begin PBXFrameworksBuildPhase section */
		2D48CC33242548B200D0FBBB /* Frameworks */ = {
			isa = PBXFrameworksBuildPhase;
			buildActionMask = 2147483647;
			files = (
			);
			runOnlyForDeploymentPostprocessing = 0;
		};
/* End PBXFrameworksBuildPhase section */

/* Begin PBXGroup section */
		2D26545F2441164600FBFF74 /* Helpers */ = {
			isa = PBXGroup;
			children = (
				2D867DAD243E80B7005BE38F /* Alerts.swift */,
				2D2654602441165800FBFF74 /* CellCheckDelegate.swift */,
			);
			path = Helpers;
			sourceTree = "<group>";
		};
		2D41EF2D242D5EAF0058C443 /* Models */ = {
			isa = PBXGroup;
			children = (
				2D41EF2E242D5EBB0058C443 /* DocumentsManager.swift */,
				2D41EF27242D5CE20058C443 /* PhotoManager.swift */,
				2D384C20243BCA3B00D0FFEB /* PageControllerManager.swift */,
				2D384C22243BCB5E00D0FFEB /* EntryManager.swift */,
				2D14EBDD243E7740004CB7E2 /* NotificationManager.swift */,
				2D8F904A243FC5B900211802 /* ActivityManager.swift */,
				2D14EBDB243E752B004CB7E2 /* ReminderManager.swift */,
				2DB1D48824573DDD00512E4F /* CareManager.swift */,
				2DFD54B024660B100096FD5C /* Seedling.swift */,
			);
			path = Models;
			sourceTree = "<group>";
		};
		2D48CC2D242548B200D0FBBB = {
			isa = PBXGroup;
			children = (
				2D48CC38242548B200D0FBBB /* Calm Cloud */,
				2D48CC37242548B200D0FBBB /* Products */,
			);
			sourceTree = "<group>";
		};
		2D48CC37242548B200D0FBBB /* Products */ = {
			isa = PBXGroup;
			children = (
				2D48CC36242548B200D0FBBB /* Calm Cloud.app */,
			);
			name = Products;
			sourceTree = "<group>";
		};
		2D48CC38242548B200D0FBBB /* Calm Cloud */ = {
			isa = PBXGroup;
			children = (
				2D48CC39242548B200D0FBBB /* AppDelegate.swift */,
				2D48CC3B242548B200D0FBBB /* SceneDelegate.swift */,
				2D41EF2D242D5EAF0058C443 /* Models */,
				2DD50C1E242D58CC00073B49 /* Views */,
				2D48CC3F242548B200D0FBBB /* Main.storyboard */,
				2D8C838B2433CBB2006711F2 /* Data.xcdatamodeld */,
				2D8C838E2433CDD9006711F2 /* CoreDataManager.swift */,
				2DD2C317246352C70070934D /* Sounds */,
				2D7E2AF224477CFA006C76BD /* Assets.xcassets */,
				2D26545F2441164600FBFF74 /* Helpers */,
				2DD50C1F242D58D800073B49 /* Animation */,
				2D48CC44242548B400D0FBBB /* LaunchScreen.storyboard */,
				2D48CC47242548B400D0FBBB /* Info.plist */,
			);
			path = "Calm Cloud";
			sourceTree = "<group>";
		};
		2D8F9040243F9DE800211802 /* Cells */ = {
			isa = PBXGroup;
			children = (
				2D7FCABF2432968F00E2DEC4 /* ReminderTableViewCell.swift */,
				2DD50C20242D58F600073B49 /* PhotoCollectionViewCell.swift */,
				2D8F9041243F9E8F00211802 /* ActivityTableViewCell.swift */,
				2D2EF6A52466017E00E497DC /* InventoryCollectionViewCell.swift */,
			);
			path = Cells;
			sourceTree = "<group>";
		};
		2D8F9043243FC2A700211802 /* Page View */ = {
			isa = PBXGroup;
			children = (
				2D384C1C243BBBE600D0FFEB /* PageViewController.swift */,
				2D384C1E243BC2B700D0FFEB /* ContentViewController.swift */,
			);
			path = "Page View";
			sourceTree = "<group>";
		};
		2D8F9047243FC32100211802 /* Tables and Collection Views */ = {
			isa = PBXGroup;
			children = (
				2D7FCAC124329CDE00E2DEC4 /* ReminderList+TableView.swift */,
				2D41EF29242D5DCF0058C443 /* Favorites+CollectionView.swift */,
				2D8F9048243FC51800211802 /* Activities+TableView.swift */,
			);
			path = "Tables and Collection Views";
			sourceTree = "<group>";
		};
		2DD2C317246352C70070934D /* Sounds */ = {
			isa = PBXGroup;
			children = (
				2DD2C31A246353310070934D /* Sounds.swift */,
				2DD2C318246352F40070934D /* audio_hero_NightAmbienceCalm+PE011801.mp3 */,
			);
			path = Sounds;
			sourceTree = "<group>";
		};
		2DD50C1E242D58CC00073B49 /* Views */ = {
			isa = PBXGroup;
			children = (
				2D8F9047243FC32100211802 /* Tables and Collection Views */,
				2D8F9040243F9DE800211802 /* Cells */,
				2D48CC3D242548B200D0FBBB /* ViewController.swift */,
				2DB1D48A2457415000512E4F /* ViewController+CoreData.swift */,
				2D5D6F352464830C00993969 /* MiniGameViewController.swift */,
				2D26545D2440F6EE00FBFF74 /* OutsideViewController.swift */,
				2D2EF6A3246600FF00E497DC /* InventoryViewController.swift */,
				2D2EF6A12465F2EE00E497DC /* PopUpViewController.swift */,
				2D7FCABB243263E800E2DEC4 /* ReminderViewController.swift */,
				2D7FCABD2432918C00E2DEC4 /* ReminderListViewController.swift */,
				2D41EF30242D607C0058C443 /* FavoriteThingsViewController.swift */,
				2D8F9044243FC2EF00211802 /* ActivitiesViewController.swift */,
				2DD50C1C242D535F00073B49 /* JournalViewController.swift */,
				2D11FD6824367EA900EC89D9 /* Journal+TextViewDelegate.swift */,
				2D8F9043243FC2A700211802 /* Page View */,
				2D7FCAB724324F2F00E2DEC4 /* PhotoViewController.swift */,
				2D7FCAB92432506100E2DEC4 /* Photo+ScrollViewDelegate.swift */,
			);
			path = Views;
			sourceTree = "<group>";
		};
		2DD50C1F242D58D800073B49 /* Animation */ = {
			isa = PBXGroup;
			children = (
				2DDA8BFF2450B7A20025950B /* AnimationTimer.swift */,
				2DDEA32A242A98E800717E8C /* AnimationManager.swift */,
				2DD50C1A242D47B200073B49 /* AnimationExtensions.swift */,
			);
			path = Animation;
			sourceTree = "<group>";
		};
/* End PBXGroup section */

/* Begin PBXNativeTarget section */
		2D48CC35242548B200D0FBBB /* Calm Cloud */ = {
			isa = PBXNativeTarget;
			buildConfigurationList = 2D48CC4A242548B400D0FBBB /* Build configuration list for PBXNativeTarget "Calm Cloud" */;
			buildPhases = (
				2D48CC32242548B200D0FBBB /* Sources */,
				2D48CC33242548B200D0FBBB /* Frameworks */,
				2D48CC34242548B200D0FBBB /* Resources */,
			);
			buildRules = (
			);
			dependencies = (
			);
			name = "Calm Cloud";
			productName = "Calm Cloud";
			productReference = 2D48CC36242548B200D0FBBB /* Calm Cloud.app */;
			productType = "com.apple.product-type.application";
		};
/* End PBXNativeTarget section */

/* Begin PBXProject section */
		2D48CC2E242548B200D0FBBB /* Project object */ = {
			isa = PBXProject;
			attributes = {
				LastSwiftUpdateCheck = 1130;
				LastUpgradeCheck = 1130;
				ORGANIZATIONNAME = "Kate Duncan-Welke";
				TargetAttributes = {
					2D48CC35242548B200D0FBBB = {
						CreatedOnToolsVersion = 11.3.1;
					};
				};
			};
			buildConfigurationList = 2D48CC31242548B200D0FBBB /* Build configuration list for PBXProject "Calm Cloud" */;
			compatibilityVersion = "Xcode 9.3";
			developmentRegion = en;
			hasScannedForEncodings = 0;
			knownRegions = (
				en,
				Base,
			);
			mainGroup = 2D48CC2D242548B200D0FBBB;
			productRefGroup = 2D48CC37242548B200D0FBBB /* Products */;
			projectDirPath = "";
			projectRoot = "";
			targets = (
				2D48CC35242548B200D0FBBB /* Calm Cloud */,
			);
		};
/* End PBXProject section */

/* Begin PBXResourcesBuildPhase section */
		2D48CC34242548B200D0FBBB /* Resources */ = {
			isa = PBXResourcesBuildPhase;
			buildActionMask = 2147483647;
			files = (
				2D48CC46242548B400D0FBBB /* LaunchScreen.storyboard in Resources */,
				2D7E2AF324477CFA006C76BD /* Assets.xcassets in Resources */,
				2D48CC41242548B200D0FBBB /* Main.storyboard in Resources */,
				2DD2C319246352F40070934D /* audio_hero_NightAmbienceCalm+PE011801.mp3 in Resources */,
			);
			runOnlyForDeploymentPostprocessing = 0;
		};
/* End PBXResourcesBuildPhase section */

/* Begin PBXSourcesBuildPhase section */
		2D48CC32242548B200D0FBBB /* Sources */ = {
			isa = PBXSourcesBuildPhase;
			buildActionMask = 2147483647;
			files = (
				2DDEA32B242A98E800717E8C /* AnimationManager.swift in Sources */,
				2D48CC3E242548B200D0FBBB /* ViewController.swift in Sources */,
				2D384C1F243BC2B700D0FFEB /* ContentViewController.swift in Sources */,
				2D7FCABC243263E800E2DEC4 /* ReminderViewController.swift in Sources */,
				2D41EF28242D5CE20058C443 /* PhotoManager.swift in Sources */,
				2DB1D48B2457415000512E4F /* ViewController+CoreData.swift in Sources */,
				2DD50C1B242D47B200073B49 /* AnimationExtensions.swift in Sources */,
				2D2EF6A22465F2EE00E497DC /* PopUpViewController.swift in Sources */,
				2DD2C31B246353310070934D /* Sounds.swift in Sources */,
				2D14EBDE243E7740004CB7E2 /* NotificationManager.swift in Sources */,
				2DFD54B124660B100096FD5C /* Seedling.swift in Sources */,
				2D14EBDC243E752B004CB7E2 /* ReminderManager.swift in Sources */,
				2D8F9049243FC51800211802 /* Activities+TableView.swift in Sources */,
				2D11FD6924367EA900EC89D9 /* Journal+TextViewDelegate.swift in Sources */,
				2D41EF2A242D5DCF0058C443 /* Favorites+CollectionView.swift in Sources */,
				2D8F904B243FC5B900211802 /* ActivityManager.swift in Sources */,
				2D7FCAB824324F2F00E2DEC4 /* PhotoViewController.swift in Sources */,
				2D48CC3A242548B200D0FBBB /* AppDelegate.swift in Sources */,
				2DB1D48924573DDD00512E4F /* CareManager.swift in Sources */,
				2D41EF2F242D5EBB0058C443 /* DocumentsManager.swift in Sources */,
				2D8C838D2433CBB2006711F2 /* Data.xcdatamodeld in Sources */,
				2DD50C21242D58F600073B49 /* PhotoCollectionViewCell.swift in Sources */,
				2D384C23243BCB5E00D0FFEB /* EntryManager.swift in Sources */,
				2D26545E2440F6EE00FBFF74 /* OutsideViewController.swift in Sources */,
				2D867DAE243E80B7005BE38F /* Alerts.swift in Sources */,
				2D2654612441165800FBFF74 /* CellCheckDelegate.swift in Sources */,
				2DD50C1D242D535F00073B49 /* JournalViewController.swift in Sources */,
				2D8F9042243F9E8F00211802 /* ActivityTableViewCell.swift in Sources */,
				2D384C1D243BBBE600D0FFEB /* PageViewController.swift in Sources */,
				2D2EF6A62466017E00E497DC /* InventoryCollectionViewCell.swift in Sources */,
				2D41EF31242D607C0058C443 /* FavoriteThingsViewController.swift in Sources */,
				2D8F9045243FC2EF00211802 /* ActivitiesViewController.swift in Sources */,
				2D48CC3C242548B200D0FBBB /* SceneDelegate.swift in Sources */,
				2D7FCABE2432918C00E2DEC4 /* ReminderListViewController.swift in Sources */,
				2D384C21243BCA3B00D0FFEB /* PageControllerManager.swift in Sources */,
				2D7FCABA2432506100E2DEC4 /* Photo+ScrollViewDelegate.swift in Sources */,
				2DDA8C002450B7A20025950B /* AnimationTimer.swift in Sources */,
				2D7FCAC224329CDE00E2DEC4 /* ReminderList+TableView.swift in Sources */,
				2D5D6F362464830C00993969 /* MiniGameViewController.swift in Sources */,
				2D2EF6A4246600FF00E497DC /* InventoryViewController.swift in Sources */,
				2D8C838F2433CDD9006711F2 /* CoreDataManager.swift in Sources */,
				2D7FCAC02432968F00E2DEC4 /* ReminderTableViewCell.swift in Sources */,
			);
			runOnlyForDeploymentPostprocessing = 0;
		};
/* End PBXSourcesBuildPhase section */

/* Begin PBXVariantGroup section */
		2D48CC3F242548B200D0FBBB /* Main.storyboard */ = {
			isa = PBXVariantGroup;
			children = (
				2D48CC40242548B200D0FBBB /* Base */,
			);
			name = Main.storyboard;
			sourceTree = "<group>";
		};
		2D48CC44242548B400D0FBBB /* LaunchScreen.storyboard */ = {
			isa = PBXVariantGroup;
			children = (
				2D48CC45242548B400D0FBBB /* Base */,
			);
			name = LaunchScreen.storyboard;
			sourceTree = "<group>";
		};
/* End PBXVariantGroup section */

/* Begin XCBuildConfiguration section */
		2D48CC48242548B400D0FBBB /* Debug */ = {
			isa = XCBuildConfiguration;
			buildSettings = {
				ALWAYS_SEARCH_USER_PATHS = NO;
				CLANG_ANALYZER_NONNULL = YES;
				CLANG_ANALYZER_NUMBER_OBJECT_CONVERSION = YES_AGGRESSIVE;
				CLANG_CXX_LANGUAGE_STANDARD = "gnu++14";
				CLANG_CXX_LIBRARY = "libc++";
				CLANG_ENABLE_MODULES = YES;
				CLANG_ENABLE_OBJC_ARC = YES;
				CLANG_ENABLE_OBJC_WEAK = YES;
				CLANG_WARN_BLOCK_CAPTURE_AUTORELEASING = YES;
				CLANG_WARN_BOOL_CONVERSION = YES;
				CLANG_WARN_COMMA = YES;
				CLANG_WARN_CONSTANT_CONVERSION = YES;
				CLANG_WARN_DEPRECATED_OBJC_IMPLEMENTATIONS = YES;
				CLANG_WARN_DIRECT_OBJC_ISA_USAGE = YES_ERROR;
				CLANG_WARN_DOCUMENTATION_COMMENTS = YES;
				CLANG_WARN_EMPTY_BODY = YES;
				CLANG_WARN_ENUM_CONVERSION = YES;
				CLANG_WARN_INFINITE_RECURSION = YES;
				CLANG_WARN_INT_CONVERSION = YES;
				CLANG_WARN_NON_LITERAL_NULL_CONVERSION = YES;
				CLANG_WARN_OBJC_IMPLICIT_RETAIN_SELF = YES;
				CLANG_WARN_OBJC_LITERAL_CONVERSION = YES;
				CLANG_WARN_OBJC_ROOT_CLASS = YES_ERROR;
				CLANG_WARN_RANGE_LOOP_ANALYSIS = YES;
				CLANG_WARN_STRICT_PROTOTYPES = YES;
				CLANG_WARN_SUSPICIOUS_MOVE = YES;
				CLANG_WARN_UNGUARDED_AVAILABILITY = YES_AGGRESSIVE;
				CLANG_WARN_UNREACHABLE_CODE = YES;
				CLANG_WARN__DUPLICATE_METHOD_MATCH = YES;
				COPY_PHASE_STRIP = NO;
				DEBUG_INFORMATION_FORMAT = dwarf;
				ENABLE_STRICT_OBJC_MSGSEND = YES;
				ENABLE_TESTABILITY = YES;
				GCC_C_LANGUAGE_STANDARD = gnu11;
				GCC_DYNAMIC_NO_PIC = NO;
				GCC_NO_COMMON_BLOCKS = YES;
				GCC_OPTIMIZATION_LEVEL = 0;
				GCC_PREPROCESSOR_DEFINITIONS = (
					"DEBUG=1",
					"$(inherited)",
				);
				GCC_WARN_64_TO_32_BIT_CONVERSION = YES;
				GCC_WARN_ABOUT_RETURN_TYPE = YES_ERROR;
				GCC_WARN_UNDECLARED_SELECTOR = YES;
				GCC_WARN_UNINITIALIZED_AUTOS = YES_AGGRESSIVE;
				GCC_WARN_UNUSED_FUNCTION = YES;
				GCC_WARN_UNUSED_VARIABLE = YES;
				IPHONEOS_DEPLOYMENT_TARGET = 13.2;
				MTL_ENABLE_DEBUG_INFO = INCLUDE_SOURCE;
				MTL_FAST_MATH = YES;
				ONLY_ACTIVE_ARCH = YES;
				SDKROOT = iphoneos;
				SWIFT_ACTIVE_COMPILATION_CONDITIONS = DEBUG;
				SWIFT_OPTIMIZATION_LEVEL = "-Onone";
			};
			name = Debug;
		};
		2D48CC49242548B400D0FBBB /* Release */ = {
			isa = XCBuildConfiguration;
			buildSettings = {
				ALWAYS_SEARCH_USER_PATHS = NO;
				CLANG_ANALYZER_NONNULL = YES;
				CLANG_ANALYZER_NUMBER_OBJECT_CONVERSION = YES_AGGRESSIVE;
				CLANG_CXX_LANGUAGE_STANDARD = "gnu++14";
				CLANG_CXX_LIBRARY = "libc++";
				CLANG_ENABLE_MODULES = YES;
				CLANG_ENABLE_OBJC_ARC = YES;
				CLANG_ENABLE_OBJC_WEAK = YES;
				CLANG_WARN_BLOCK_CAPTURE_AUTORELEASING = YES;
				CLANG_WARN_BOOL_CONVERSION = YES;
				CLANG_WARN_COMMA = YES;
				CLANG_WARN_CONSTANT_CONVERSION = YES;
				CLANG_WARN_DEPRECATED_OBJC_IMPLEMENTATIONS = YES;
				CLANG_WARN_DIRECT_OBJC_ISA_USAGE = YES_ERROR;
				CLANG_WARN_DOCUMENTATION_COMMENTS = YES;
				CLANG_WARN_EMPTY_BODY = YES;
				CLANG_WARN_ENUM_CONVERSION = YES;
				CLANG_WARN_INFINITE_RECURSION = YES;
				CLANG_WARN_INT_CONVERSION = YES;
				CLANG_WARN_NON_LITERAL_NULL_CONVERSION = YES;
				CLANG_WARN_OBJC_IMPLICIT_RETAIN_SELF = YES;
				CLANG_WARN_OBJC_LITERAL_CONVERSION = YES;
				CLANG_WARN_OBJC_ROOT_CLASS = YES_ERROR;
				CLANG_WARN_RANGE_LOOP_ANALYSIS = YES;
				CLANG_WARN_STRICT_PROTOTYPES = YES;
				CLANG_WARN_SUSPICIOUS_MOVE = YES;
				CLANG_WARN_UNGUARDED_AVAILABILITY = YES_AGGRESSIVE;
				CLANG_WARN_UNREACHABLE_CODE = YES;
				CLANG_WARN__DUPLICATE_METHOD_MATCH = YES;
				COPY_PHASE_STRIP = NO;
				DEBUG_INFORMATION_FORMAT = "dwarf-with-dsym";
				ENABLE_NS_ASSERTIONS = NO;
				ENABLE_STRICT_OBJC_MSGSEND = YES;
				GCC_C_LANGUAGE_STANDARD = gnu11;
				GCC_NO_COMMON_BLOCKS = YES;
				GCC_WARN_64_TO_32_BIT_CONVERSION = YES;
				GCC_WARN_ABOUT_RETURN_TYPE = YES_ERROR;
				GCC_WARN_UNDECLARED_SELECTOR = YES;
				GCC_WARN_UNINITIALIZED_AUTOS = YES_AGGRESSIVE;
				GCC_WARN_UNUSED_FUNCTION = YES;
				GCC_WARN_UNUSED_VARIABLE = YES;
				IPHONEOS_DEPLOYMENT_TARGET = 13.2;
				MTL_ENABLE_DEBUG_INFO = NO;
				MTL_FAST_MATH = YES;
				SDKROOT = iphoneos;
				SWIFT_COMPILATION_MODE = wholemodule;
				SWIFT_OPTIMIZATION_LEVEL = "-O";
				VALIDATE_PRODUCT = YES;
			};
			name = Release;
		};
		2D48CC4B242548B400D0FBBB /* Debug */ = {
			isa = XCBuildConfiguration;
			buildSettings = {
				ASSETCATALOG_COMPILER_APPICON_NAME = AppIcon;
				CODE_SIGN_STYLE = Automatic;
				DEVELOPMENT_TEAM = A8R365GJ52;
				INFOPLIST_FILE = "Calm Cloud/Info.plist";
				IPHONEOS_DEPLOYMENT_TARGET = 12.0;
				LD_RUNPATH_SEARCH_PATHS = (
					"$(inherited)",
					"@executable_path/Frameworks",
				);
				PRODUCT_BUNDLE_IDENTIFIER = "com.kduncan-welke.CalmCloud";
				PRODUCT_NAME = "$(TARGET_NAME)";
				SWIFT_VERSION = 5.0;
				TARGETED_DEVICE_FAMILY = "1,2";
			};
			name = Debug;
		};
		2D48CC4C242548B400D0FBBB /* Release */ = {
			isa = XCBuildConfiguration;
			buildSettings = {
				ASSETCATALOG_COMPILER_APPICON_NAME = AppIcon;
				CODE_SIGN_STYLE = Automatic;
				DEVELOPMENT_TEAM = A8R365GJ52;
				INFOPLIST_FILE = "Calm Cloud/Info.plist";
				IPHONEOS_DEPLOYMENT_TARGET = 12.0;
				LD_RUNPATH_SEARCH_PATHS = (
					"$(inherited)",
					"@executable_path/Frameworks",
				);
				PRODUCT_BUNDLE_IDENTIFIER = "com.kduncan-welke.CalmCloud";
				PRODUCT_NAME = "$(TARGET_NAME)";
				SWIFT_VERSION = 5.0;
				TARGETED_DEVICE_FAMILY = "1,2";
			};
			name = Release;
		};
/* End XCBuildConfiguration section */

/* Begin XCConfigurationList section */
		2D48CC31242548B200D0FBBB /* Build configuration list for PBXProject "Calm Cloud" */ = {
			isa = XCConfigurationList;
			buildConfigurations = (
				2D48CC48242548B400D0FBBB /* Debug */,
				2D48CC49242548B400D0FBBB /* Release */,
			);
			defaultConfigurationIsVisible = 0;
			defaultConfigurationName = Release;
		};
		2D48CC4A242548B400D0FBBB /* Build configuration list for PBXNativeTarget "Calm Cloud" */ = {
			isa = XCConfigurationList;
			buildConfigurations = (
				2D48CC4B242548B400D0FBBB /* Debug */,
				2D48CC4C242548B400D0FBBB /* Release */,
			);
			defaultConfigurationIsVisible = 0;
			defaultConfigurationName = Release;
		};
/* End XCConfigurationList section */

/* Begin XCVersionGroup section */
		2D8C838B2433CBB2006711F2 /* Data.xcdatamodeld */ = {
			isa = XCVersionGroup;
			children = (
				2D8C838C2433CBB2006711F2 /* Data.xcdatamodel */,
			);
			currentVersion = 2D8C838C2433CBB2006711F2 /* Data.xcdatamodel */;
			path = Data.xcdatamodeld;
			sourceTree = "<group>";
			versionGroupType = wrapper.xcdatamodel;
		};
/* End XCVersionGroup section */
	};
	rootObject = 2D48CC2E242548B200D0FBBB /* Project object */;
}
