// !$*UTF8*$!
{
	archiveVersion = 1;
	classes = {
	};
	objectVersion = 51;
	objects = {

/* Begin PBXBuildFile section */
		2D00EEB92494200E000DA1C8 /* audio_hero_ForestDay_DIGIX05_11_362.mp3 in Resources */ = {isa = PBXBuildFile; fileRef = 2D00EEB82494200E000DA1C8 /* audio_hero_ForestDay_DIGIX05_11_362.mp3 */; };
		2D00EEBF24942EE2000DA1C8 /* TasksViewController.swift in Sources */ = {isa = PBXBuildFile; fileRef = 2D00EEBE24942EE2000DA1C8 /* TasksViewController.swift */; };
		2D03D3EA25ACDDC50096A3FE /* ItemManager.swift in Sources */ = {isa = PBXBuildFile; fileRef = 2D03D3E925ACDDC50096A3FE /* ItemManager.swift */; };
		2D03D3EC25AD01B20096A3FE /* Fireplace.swift in Sources */ = {isa = PBXBuildFile; fileRef = 2D03D3EB25AD01B20096A3FE /* Fireplace.swift */; };
		2D07E98924A150E900FD6E66 /* RemoveViewController.swift in Sources */ = {isa = PBXBuildFile; fileRef = 2D07E98824A150E900FD6E66 /* RemoveViewController.swift */; };
		2D11FD6924367EA900EC89D9 /* Journal+TextViewDelegate.swift in Sources */ = {isa = PBXBuildFile; fileRef = 2D11FD6824367EA900EC89D9 /* Journal+TextViewDelegate.swift */; };
		2D14EBDC243E752B004CB7E2 /* ReminderManager.swift in Sources */ = {isa = PBXBuildFile; fileRef = 2D14EBDB243E752B004CB7E2 /* ReminderManager.swift */; };
		2D14EBDE243E7740004CB7E2 /* NotificationManager.swift in Sources */ = {isa = PBXBuildFile; fileRef = 2D14EBDD243E7740004CB7E2 /* NotificationManager.swift */; };
		2D25AFF82489A126003BDBE6 /* BasketViewController.swift in Sources */ = {isa = PBXBuildFile; fileRef = 2D25AFF72489A126003BDBE6 /* BasketViewController.swift */; };
		2D26545E2440F6EE00FBFF74 /* OutsideViewController.swift in Sources */ = {isa = PBXBuildFile; fileRef = 2D26545D2440F6EE00FBFF74 /* OutsideViewController.swift */; };
		2D2654612441165800FBFF74 /* CellCheckDelegate.swift in Sources */ = {isa = PBXBuildFile; fileRef = 2D2654602441165800FBFF74 /* CellCheckDelegate.swift */; };
		2D2D9FB926B0B1680042B6F2 /* ViewModel.swift in Sources */ = {isa = PBXBuildFile; fileRef = 2D2D9FB826B0B1680042B6F2 /* ViewModel.swift */; };
		2D2D9FBB26B0B21F0042B6F2 /* StatusManager.swift in Sources */ = {isa = PBXBuildFile; fileRef = 2D2D9FBA26B0B21F0042B6F2 /* StatusManager.swift */; };
		2D2D9FBD26B0BF5C0042B6F2 /* ViewModel+CoreData.swift in Sources */ = {isa = PBXBuildFile; fileRef = 2D2D9FBC26B0BF5C0042B6F2 /* ViewModel+CoreData.swift */; };
		2D2E52F726BB2060007DF8A8 /* PlantPurchaseViewModel.swift in Sources */ = {isa = PBXBuildFile; fileRef = 2D2E52F626BB2060007DF8A8 /* PlantPurchaseViewModel.swift */; };
		2D2E52F926BB2578007DF8A8 /* DeliveryViewModel.swift in Sources */ = {isa = PBXBuildFile; fileRef = 2D2E52F826BB2578007DF8A8 /* DeliveryViewModel.swift */; };
		2D2E52FB26BB26AD007DF8A8 /* TasksViewModel.swift in Sources */ = {isa = PBXBuildFile; fileRef = 2D2E52FA26BB26AD007DF8A8 /* TasksViewModel.swift */; };
		2D2E52FD26BB2BDA007DF8A8 /* InventoryViewModel.swift in Sources */ = {isa = PBXBuildFile; fileRef = 2D2E52FC26BB2BDA007DF8A8 /* InventoryViewModel.swift */; };
		2D2E52FF26BB306F007DF8A8 /* MiniGameViewModel.swift in Sources */ = {isa = PBXBuildFile; fileRef = 2D2E52FE26BB306F007DF8A8 /* MiniGameViewModel.swift */; };
		2D2EF6A22465F2EE00E497DC /* PopUpViewController.swift in Sources */ = {isa = PBXBuildFile; fileRef = 2D2EF6A12465F2EE00E497DC /* PopUpViewController.swift */; };
		2D2EF6A4246600FF00E497DC /* InventoryViewController.swift in Sources */ = {isa = PBXBuildFile; fileRef = 2D2EF6A3246600FF00E497DC /* InventoryViewController.swift */; };
		2D2EF6A62466017E00E497DC /* InventoryCollectionViewCell.swift in Sources */ = {isa = PBXBuildFile; fileRef = 2D2EF6A52466017E00E497DC /* InventoryCollectionViewCell.swift */; };
		2D30E95026B9BA3A0000768D /* FavoritesViewModel.swift in Sources */ = {isa = PBXBuildFile; fileRef = 2D30E94F26B9BA3A0000768D /* FavoritesViewModel.swift */; };
		2D30E95226B9BC880000768D /* ActivitiesViewModel.swift in Sources */ = {isa = PBXBuildFile; fileRef = 2D30E95126B9BC880000768D /* ActivitiesViewModel.swift */; };
		2D30E95426B9C45C0000768D /* JournalViewModel.swift in Sources */ = {isa = PBXBuildFile; fileRef = 2D30E95326B9C45C0000768D /* JournalViewModel.swift */; };
		2D30E95626B9DB400000768D /* PhotoViewModel.swift in Sources */ = {isa = PBXBuildFile; fileRef = 2D30E95526B9DB400000768D /* PhotoViewModel.swift */; };
		2D30E95826B9DE780000768D /* StoreViewModel.swift in Sources */ = {isa = PBXBuildFile; fileRef = 2D30E95726B9DE780000768D /* StoreViewModel.swift */; };
		2D384C21243BCA3B00D0FFEB /* PageControllerManager.swift in Sources */ = {isa = PBXBuildFile; fileRef = 2D384C20243BCA3B00D0FFEB /* PageControllerManager.swift */; };
		2D384C23243BCB5E00D0FFEB /* EntryManager.swift in Sources */ = {isa = PBXBuildFile; fileRef = 2D384C22243BCB5E00D0FFEB /* EntryManager.swift */; };
		2D3CC0E226B46940000EA922 /* OutsideVM+Animation.swift in Sources */ = {isa = PBXBuildFile; fileRef = 2D3CC0E126B46940000EA922 /* OutsideVM+Animation.swift */; };
		2D3CC0E426B47345000EA922 /* ReminderViewModel.swift in Sources */ = {isa = PBXBuildFile; fileRef = 2D3CC0E326B47345000EA922 /* ReminderViewModel.swift */; };
		2D3CC0E626B475F9000EA922 /* BasketViewModel.swift in Sources */ = {isa = PBXBuildFile; fileRef = 2D3CC0E526B475F9000EA922 /* BasketViewModel.swift */; };
		2D3EB98C26AB6BE4004C6A78 /* Pods_Calm_Cloud.framework in Frameworks */ = {isa = PBXBuildFile; fileRef = 2D3EB98B26AB6BE4004C6A78 /* Pods_Calm_Cloud.framework */; };
		2D3EB99226AB7220004C6A78 /* loire.mp3 in Resources */ = {isa = PBXBuildFile; fileRef = 2D3EB99126AB7220004C6A78 /* loire.mp3 */; };
		2D3EB99426AB7226004C6A78 /* you_will_know.mp3 in Resources */ = {isa = PBXBuildFile; fileRef = 2D3EB99326AB7226004C6A78 /* you_will_know.mp3 */; };
		2D41EF28242D5CE20058C443 /* PhotoManager.swift in Sources */ = {isa = PBXBuildFile; fileRef = 2D41EF27242D5CE20058C443 /* PhotoManager.swift */; };
		2D41EF2F242D5EBB0058C443 /* DocumentsManager.swift in Sources */ = {isa = PBXBuildFile; fileRef = 2D41EF2E242D5EBB0058C443 /* DocumentsManager.swift */; };
		2D41EF31242D607C0058C443 /* FavoriteThingsViewController.swift in Sources */ = {isa = PBXBuildFile; fileRef = 2D41EF30242D607C0058C443 /* FavoriteThingsViewController.swift */; };
		2D48CC3A242548B200D0FBBB /* AppDelegate.swift in Sources */ = {isa = PBXBuildFile; fileRef = 2D48CC39242548B200D0FBBB /* AppDelegate.swift */; };
		2D48CC3C242548B200D0FBBB /* SceneDelegate.swift in Sources */ = {isa = PBXBuildFile; fileRef = 2D48CC3B242548B200D0FBBB /* SceneDelegate.swift */; };
		2D48CC3E242548B200D0FBBB /* ViewController.swift in Sources */ = {isa = PBXBuildFile; fileRef = 2D48CC3D242548B200D0FBBB /* ViewController.swift */; };
		2D48CC41242548B200D0FBBB /* Main.storyboard in Resources */ = {isa = PBXBuildFile; fileRef = 2D48CC3F242548B200D0FBBB /* Main.storyboard */; };
		2D48CC46242548B400D0FBBB /* LaunchScreen.storyboard in Resources */ = {isa = PBXBuildFile; fileRef = 2D48CC44242548B400D0FBBB /* LaunchScreen.storyboard */; };
		2D5D6F362464830C00993969 /* MiniGameViewController.swift in Sources */ = {isa = PBXBuildFile; fileRef = 2D5D6F352464830C00993969 /* MiniGameViewController.swift */; };
		2D60022E24A65DE0002188B1 /* StoreViewController.swift in Sources */ = {isa = PBXBuildFile; fileRef = 2D60022D24A65DE0002188B1 /* StoreViewController.swift */; };
		2D60023224A66113002188B1 /* StoreCollectionViewCell.swift in Sources */ = {isa = PBXBuildFile; fileRef = 2D60023124A66113002188B1 /* StoreCollectionViewCell.swift */; };
		2D70349C2490053200B952CA /* QuantityChangeDelegate.swift in Sources */ = {isa = PBXBuildFile; fileRef = 2D70349B2490053200B952CA /* QuantityChangeDelegate.swift */; };
		2D70349E24903A7B00B952CA /* Recentness.swift in Sources */ = {isa = PBXBuildFile; fileRef = 2D70349D24903A7B00B952CA /* Recentness.swift */; };
		2D7E2AF324477CFA006C76BD /* Assets.xcassets in Resources */ = {isa = PBXBuildFile; fileRef = 2D7E2AF224477CFA006C76BD /* Assets.xcassets */; };
		2D7FCAB824324F2F00E2DEC4 /* PhotoViewController.swift in Sources */ = {isa = PBXBuildFile; fileRef = 2D7FCAB724324F2F00E2DEC4 /* PhotoViewController.swift */; };
		2D7FCABA2432506100E2DEC4 /* Photo+ScrollViewDelegate.swift in Sources */ = {isa = PBXBuildFile; fileRef = 2D7FCAB92432506100E2DEC4 /* Photo+ScrollViewDelegate.swift */; };
		2D7FCABC243263E800E2DEC4 /* ReminderViewController.swift in Sources */ = {isa = PBXBuildFile; fileRef = 2D7FCABB243263E800E2DEC4 /* ReminderViewController.swift */; };
		2D7FCABE2432918C00E2DEC4 /* ReminderListViewController.swift in Sources */ = {isa = PBXBuildFile; fileRef = 2D7FCABD2432918C00E2DEC4 /* ReminderListViewController.swift */; };
		2D7FCAC02432968F00E2DEC4 /* ReminderTableViewCell.swift in Sources */ = {isa = PBXBuildFile; fileRef = 2D7FCABF2432968F00E2DEC4 /* ReminderTableViewCell.swift */; };
		2D867DAE243E80B7005BE38F /* Alerts.swift in Sources */ = {isa = PBXBuildFile; fileRef = 2D867DAD243E80B7005BE38F /* Alerts.swift */; };
		2D875E112486F9480054B737 /* CalendarCollectionViewCell.swift in Sources */ = {isa = PBXBuildFile; fileRef = 2D875E102486F9480054B737 /* CalendarCollectionViewCell.swift */; };
		2D8BA7D924B672E90020E6EF /* AppleIncRootCertificate.cer in Resources */ = {isa = PBXBuildFile; fileRef = 2D8BA7D824B671E00020E6EF /* AppleIncRootCertificate.cer */; };
		2D8C838D2433CBB2006711F2 /* Data.xcdatamodeld in Sources */ = {isa = PBXBuildFile; fileRef = 2D8C838B2433CBB2006711F2 /* Data.xcdatamodeld */; };
		2D8C838F2433CDD9006711F2 /* CoreDataManager.swift in Sources */ = {isa = PBXBuildFile; fileRef = 2D8C838E2433CDD9006711F2 /* CoreDataManager.swift */; };
		2D8F9042243F9E8F00211802 /* ActivityTableViewCell.swift in Sources */ = {isa = PBXBuildFile; fileRef = 2D8F9041243F9E8F00211802 /* ActivityTableViewCell.swift */; };
		2D8F9045243FC2EF00211802 /* ActivitiesViewController.swift in Sources */ = {isa = PBXBuildFile; fileRef = 2D8F9044243FC2EF00211802 /* ActivitiesViewController.swift */; };
		2D8F904B243FC5B900211802 /* ActivityManager.swift in Sources */ = {isa = PBXBuildFile; fileRef = 2D8F904A243FC5B900211802 /* ActivityManager.swift */; };
		2D9463A025B8D7D300B3D878 /* tspt_city_spring_indoor_ambience_loop_019.mp3 in Resources */ = {isa = PBXBuildFile; fileRef = 2D94639F25B8D7D200B3D878 /* tspt_city_spring_indoor_ambience_loop_019.mp3 */; };
		2D9B7CFB24AD15FF00CDFA8E /* StoreObserver.swift in Sources */ = {isa = PBXBuildFile; fileRef = 2D9B7CFA24AD15FF00CDFA8E /* StoreObserver.swift */; };
		2D9B7CFD24AD17EB00CDFA8E /* Receipt.swift in Sources */ = {isa = PBXBuildFile; fileRef = 2D9B7CFC24AD17EB00CDFA8E /* Receipt.swift */; };
		2D9B7CFF24AD187B00CDFA8E /* StoreHelper.swift in Sources */ = {isa = PBXBuildFile; fileRef = 2D9B7CFE24AD187B00CDFA8E /* StoreHelper.swift */; };
		2D9B7D0124AD18CF00CDFA8E /* ReceiptItem.swift in Sources */ = {isa = PBXBuildFile; fileRef = 2D9B7D0024AD18CF00CDFA8E /* ReceiptItem.swift */; };
		2D9B7D0724AD253400CDFA8E /* StoreKit.framework in Frameworks */ = {isa = PBXBuildFile; fileRef = 2D9B7D0624AD253400CDFA8E /* StoreKit.framework */; };
		2D9B7D0A24AD342900CDFA8E /* NetworkMonitor.swift in Sources */ = {isa = PBXBuildFile; fileRef = 2D9B7D0924AD342900CDFA8E /* NetworkMonitor.swift */; };
		2D9B7D0C24AD3CC200CDFA8E /* BuyPlantViewController.swift in Sources */ = {isa = PBXBuildFile; fileRef = 2D9B7D0B24AD3CC200CDFA8E /* BuyPlantViewController.swift */; };
		2DA08A262530D7EF00A5129F /* WeatherManager.swift in Sources */ = {isa = PBXBuildFile; fileRef = 2DA08A252530D7EF00A5129F /* WeatherManager.swift */; };
		2DA327EC26B1E6E6002DFB2A /* OutsideViewModel.swift in Sources */ = {isa = PBXBuildFile; fileRef = 2DA327EB26B1E6E6002DFB2A /* OutsideViewModel.swift */; };
		2DA327EE26B1E944002DFB2A /* OutsideVM+CoreData.swift in Sources */ = {isa = PBXBuildFile; fileRef = 2DA327ED26B1E944002DFB2A /* OutsideVM+CoreData.swift */; };
		2DA33FBD24AA6E5400B4BCED /* PlantManager+Images.swift in Sources */ = {isa = PBXBuildFile; fileRef = 2DA33FBC24AA6E5400B4BCED /* PlantManager+Images.swift */; };
		2DAA52292472FDDA00171A7D /* LevelManager.swift in Sources */ = {isa = PBXBuildFile; fileRef = 2DAA52282472FDDA00171A7D /* LevelManager.swift */; };
		2DAEFB3D25A913EB00FB4D38 /* audio_hero_FireMediumRoarHiss_PE052201_358.mp3 in Resources */ = {isa = PBXBuildFile; fileRef = 2DAEFB3C25A913EB00FB4D38 /* audio_hero_FireMediumRoarHiss_PE052201_358.mp3 */; };
		2DB13216247835C100FA6D71 /* DataFunctions.swift in Sources */ = {isa = PBXBuildFile; fileRef = 2DB13215247835C100FA6D71 /* DataFunctions.swift */; };
		2DB1321924783F5500FA6D71 /* ViewController+Animations.swift in Sources */ = {isa = PBXBuildFile; fileRef = 2DB1321824783F5500FA6D71 /* ViewController+Animations.swift */; };
		2DB1321B247843AD00FA6D71 /* Outside+Animations.swift in Sources */ = {isa = PBXBuildFile; fileRef = 2DB1321A247843AD00FA6D71 /* Outside+Animations.swift */; };
		2DB1D48924573DDD00512E4F /* CareManager.swift in Sources */ = {isa = PBXBuildFile; fileRef = 2DB1D48824573DDD00512E4F /* CareManager.swift */; };
		2DB2858526B34313005E0528 /* Random.swift in Sources */ = {isa = PBXBuildFile; fileRef = 2DB2858426B34313005E0528 /* Random.swift */; };
		2DB2858726B34CA7005E0528 /* ViewModel+Animation.swift in Sources */ = {isa = PBXBuildFile; fileRef = 2DB2858626B34CA7005E0528 /* ViewModel+Animation.swift */; };
		2DB4106524916E8C00EFD088 /* MoneyManager.swift in Sources */ = {isa = PBXBuildFile; fileRef = 2DB4106424916E8C00EFD088 /* MoneyManager.swift */; };
		2DB6394C252F83C700D8ECE0 /* zapsplat_nature_forest_ambience_wind_trees_birds_leaves_fall_to_ground_autumn_20090.mp3 in Resources */ = {isa = PBXBuildFile; fileRef = 2DB6394B252F83C700D8ECE0 /* zapsplat_nature_forest_ambience_wind_trees_birds_leaves_fall_to_ground_autumn_20090.mp3 */; };
		2DB6394E252F871900D8ECE0 /* zapsplat_horror_graveyard_ambience_night_wind_owls_43583.mp3 in Resources */ = {isa = PBXBuildFile; fileRef = 2DB6394D252F871900D8ECE0 /* zapsplat_horror_graveyard_ambience_night_wind_owls_43583.mp3 */; };
		2DB63950252F899B00D8ECE0 /* kedr_sfx_stockholm_roomtone_flat_day_closed_window_ac_hum_calm_street_sounds_behind_wall.mp3 in Resources */ = {isa = PBXBuildFile; fileRef = 2DB6394F252F899B00D8ECE0 /* kedr_sfx_stockholm_roomtone_flat_day_closed_window_ac_hum_calm_street_sounds_behind_wall.mp3 */; };
		2DB63952252F91E600D8ECE0 /* weather-wind-trees-bushes-countryside.mp3 in Resources */ = {isa = PBXBuildFile; fileRef = 2DB63951252F91E600D8ECE0 /* weather-wind-trees-bushes-countryside.mp3 */; };
		2DB63954252F929100D8ECE0 /* spa_snowstorm_ambience_snow_falling_on_ground_with_wind.mp3 in Resources */ = {isa = PBXBuildFile; fileRef = 2DB63953252F929100D8ECE0 /* spa_snowstorm_ambience_snow_falling_on_ground_with_wind.mp3 */; };
		2DB63956252F982900D8ECE0 /* west_wolf_Rear_Street_City_Rain_With_Thunders.mp3 in Resources */ = {isa = PBXBuildFile; fileRef = 2DB63955252F982900D8ECE0 /* west_wolf_Rear_Street_City_Rain_With_Thunders.mp3 */; };
		2DB63958252FA51800D8ECE0 /* zapsplat_nature_rain_internal_home_rec_open_window_occ_cars_pass_low_thunder_rumbles_001_25102.mp3 in Resources */ = {isa = PBXBuildFile; fileRef = 2DB63957252FA51800D8ECE0 /* zapsplat_nature_rain_internal_home_rec_open_window_occ_cars_pass_low_thunder_rumbles_001_25102.mp3 */; };
		2DB6E540248AD8CA007DA241 /* BasketTableViewCell.swift in Sources */ = {isa = PBXBuildFile; fileRef = 2DB6E53F248AD8CA007DA241 /* BasketTableViewCell.swift */; };
		2DB6E544248AF375007DA241 /* Harvested.swift in Sources */ = {isa = PBXBuildFile; fileRef = 2DB6E543248AF375007DA241 /* Harvested.swift */; };
		2DB781722477039800EDCAF9 /* DeliveryViewController.swift in Sources */ = {isa = PBXBuildFile; fileRef = 2DB781712477039800EDCAF9 /* DeliveryViewController.swift */; };
		2DC3644B24ABE99C0059755A /* Products.swift in Sources */ = {isa = PBXBuildFile; fileRef = 2DC3644A24ABE99C0059755A /* Products.swift */; };
		2DC5606F24A271D200D5AA57 /* MiniGameTwoViewController.swift in Sources */ = {isa = PBXBuildFile; fileRef = 2DC5606E24A271D200D5AA57 /* MiniGameTwoViewController.swift */; };
		2DC5EBCB2474886300741E5E /* Colors.swift in Sources */ = {isa = PBXBuildFile; fileRef = 2DC5EBCA2474886300741E5E /* Colors.swift */; };
		2DC95DDD2485A9830085DD14 /* CompareImages.swift in Sources */ = {isa = PBXBuildFile; fileRef = 2DC95DDC2485A9830085DD14 /* CompareImages.swift */; };
		2DC95DDF2485AC160085DD14 /* HarvestViewController.swift in Sources */ = {isa = PBXBuildFile; fileRef = 2DC95DDE2485AC160085DD14 /* HarvestViewController.swift */; };
		2DCC9C7B24672031006834B0 /* PlantManager.swift in Sources */ = {isa = PBXBuildFile; fileRef = 2DCC9C7A24672031006834B0 /* PlantManager.swift */; };
		2DD2C319246352F40070934D /* audio_hero_NightAmbienceCalm+PE011801.mp3 in Resources */ = {isa = PBXBuildFile; fileRef = 2DD2C318246352F40070934D /* audio_hero_NightAmbienceCalm+PE011801.mp3 */; };
		2DD2C31B246353310070934D /* Sounds.swift in Sources */ = {isa = PBXBuildFile; fileRef = 2DD2C31A246353310070934D /* Sounds.swift */; };
		2DD50C1B242D47B200073B49 /* AnimationExtensions.swift in Sources */ = {isa = PBXBuildFile; fileRef = 2DD50C1A242D47B200073B49 /* AnimationExtensions.swift */; };
		2DD50C1D242D535F00073B49 /* JournalViewController.swift in Sources */ = {isa = PBXBuildFile; fileRef = 2DD50C1C242D535F00073B49 /* JournalViewController.swift */; };
		2DD50C21242D58F600073B49 /* PhotoCollectionViewCell.swift in Sources */ = {isa = PBXBuildFile; fileRef = 2DD50C20242D58F600073B49 /* PhotoCollectionViewCell.swift */; };
		2DD7C97224D08CAA0008C79F /* Blastwave_FX_NightCornField_S011AM.8.mp3 in Resources */ = {isa = PBXBuildFile; fileRef = 2DD7C97124D08CAA0008C79F /* Blastwave_FX_NightCornField_S011AM.8.mp3 */; };
		2DD7C97424D09E2E0008C79F /* InfoViewController.swift in Sources */ = {isa = PBXBuildFile; fileRef = 2DD7C97324D09E2E0008C79F /* InfoViewController.swift */; };
		2DDA8C002450B7A20025950B /* AnimationTimer.swift in Sources */ = {isa = PBXBuildFile; fileRef = 2DDA8BFF2450B7A20025950B /* AnimationTimer.swift */; };
		2DDEA32B242A98E800717E8C /* AnimationManager.swift in Sources */ = {isa = PBXBuildFile; fileRef = 2DDEA32A242A98E800717E8C /* AnimationManager.swift */; };
		2DFD54B124660B100096FD5C /* Plantings.swift in Sources */ = {isa = PBXBuildFile; fileRef = 2DFD54B024660B100096FD5C /* Plantings.swift */; };
/* End PBXBuildFile section */

/* Begin PBXCopyFilesBuildPhase section */
		2DC9765A26AB678000203E76 /* Embed Frameworks */ = {
			isa = PBXCopyFilesBuildPhase;
			buildActionMask = 2147483647;
			dstPath = "";
			dstSubfolderSpec = 11;
			files = (
			);
			name = "Embed Frameworks";
			runOnlyForDeploymentPostprocessing = 0;
		};
/* End PBXCopyFilesBuildPhase section */

/* Begin PBXFileReference section */
		211AF311F66267DAA0A89D1C /* Pods_Calm_Cloud.framework */ = {isa = PBXFileReference; explicitFileType = wrapper.framework; includeInIndex = 0; path = Pods_Calm_Cloud.framework; sourceTree = BUILT_PRODUCTS_DIR; };
		2D00EEB82494200E000DA1C8 /* audio_hero_ForestDay_DIGIX05_11_362.mp3 */ = {isa = PBXFileReference; lastKnownFileType = audio.mp3; path = audio_hero_ForestDay_DIGIX05_11_362.mp3; sourceTree = "<group>"; };
		2D00EEBE24942EE2000DA1C8 /* TasksViewController.swift */ = {isa = PBXFileReference; lastKnownFileType = sourcecode.swift; path = TasksViewController.swift; sourceTree = "<group>"; };
		2D03D3E825ACD5DA0096A3FE /* Data v2.xcdatamodel */ = {isa = PBXFileReference; lastKnownFileType = wrapper.xcdatamodel; path = "Data v2.xcdatamodel"; sourceTree = "<group>"; };
		2D03D3E925ACDDC50096A3FE /* ItemManager.swift */ = {isa = PBXFileReference; lastKnownFileType = sourcecode.swift; path = ItemManager.swift; sourceTree = "<group>"; };
		2D03D3EB25AD01B20096A3FE /* Fireplace.swift */ = {isa = PBXFileReference; lastKnownFileType = sourcecode.swift; path = Fireplace.swift; sourceTree = "<group>"; };
		2D07E98824A150E900FD6E66 /* RemoveViewController.swift */ = {isa = PBXFileReference; lastKnownFileType = sourcecode.swift; path = RemoveViewController.swift; sourceTree = "<group>"; };
		2D11FD6824367EA900EC89D9 /* Journal+TextViewDelegate.swift */ = {isa = PBXFileReference; lastKnownFileType = sourcecode.swift; path = "Journal+TextViewDelegate.swift"; sourceTree = "<group>"; };
		2D14EBDB243E752B004CB7E2 /* ReminderManager.swift */ = {isa = PBXFileReference; lastKnownFileType = sourcecode.swift; path = ReminderManager.swift; sourceTree = "<group>"; };
		2D14EBDD243E7740004CB7E2 /* NotificationManager.swift */ = {isa = PBXFileReference; lastKnownFileType = sourcecode.swift; path = NotificationManager.swift; sourceTree = "<group>"; };
		2D25AFF72489A126003BDBE6 /* BasketViewController.swift */ = {isa = PBXFileReference; lastKnownFileType = sourcecode.swift; path = BasketViewController.swift; sourceTree = "<group>"; };
		2D26545D2440F6EE00FBFF74 /* OutsideViewController.swift */ = {isa = PBXFileReference; lastKnownFileType = sourcecode.swift; path = OutsideViewController.swift; sourceTree = "<group>"; };
		2D2654602441165800FBFF74 /* CellCheckDelegate.swift */ = {isa = PBXFileReference; lastKnownFileType = sourcecode.swift; path = CellCheckDelegate.swift; sourceTree = "<group>"; };
		2D2D9FB826B0B1680042B6F2 /* ViewModel.swift */ = {isa = PBXFileReference; lastKnownFileType = sourcecode.swift; path = ViewModel.swift; sourceTree = "<group>"; };
		2D2D9FBA26B0B21F0042B6F2 /* StatusManager.swift */ = {isa = PBXFileReference; lastKnownFileType = sourcecode.swift; path = StatusManager.swift; sourceTree = "<group>"; };
		2D2D9FBC26B0BF5C0042B6F2 /* ViewModel+CoreData.swift */ = {isa = PBXFileReference; lastKnownFileType = sourcecode.swift; path = "ViewModel+CoreData.swift"; sourceTree = "<group>"; };
		2D2E52F626BB2060007DF8A8 /* PlantPurchaseViewModel.swift */ = {isa = PBXFileReference; lastKnownFileType = sourcecode.swift; path = PlantPurchaseViewModel.swift; sourceTree = "<group>"; };
		2D2E52F826BB2578007DF8A8 /* DeliveryViewModel.swift */ = {isa = PBXFileReference; lastKnownFileType = sourcecode.swift; path = DeliveryViewModel.swift; sourceTree = "<group>"; };
		2D2E52FA26BB26AD007DF8A8 /* TasksViewModel.swift */ = {isa = PBXFileReference; lastKnownFileType = sourcecode.swift; path = TasksViewModel.swift; sourceTree = "<group>"; };
		2D2E52FC26BB2BDA007DF8A8 /* InventoryViewModel.swift */ = {isa = PBXFileReference; lastKnownFileType = sourcecode.swift; path = InventoryViewModel.swift; sourceTree = "<group>"; };
		2D2E52FE26BB306F007DF8A8 /* MiniGameViewModel.swift */ = {isa = PBXFileReference; lastKnownFileType = sourcecode.swift; path = MiniGameViewModel.swift; sourceTree = "<group>"; };
		2D2EF6A12465F2EE00E497DC /* PopUpViewController.swift */ = {isa = PBXFileReference; lastKnownFileType = sourcecode.swift; path = PopUpViewController.swift; sourceTree = "<group>"; };
		2D2EF6A3246600FF00E497DC /* InventoryViewController.swift */ = {isa = PBXFileReference; lastKnownFileType = sourcecode.swift; path = InventoryViewController.swift; sourceTree = "<group>"; };
		2D2EF6A52466017E00E497DC /* InventoryCollectionViewCell.swift */ = {isa = PBXFileReference; lastKnownFileType = sourcecode.swift; path = InventoryCollectionViewCell.swift; sourceTree = "<group>"; };
		2D30E94F26B9BA3A0000768D /* FavoritesViewModel.swift */ = {isa = PBXFileReference; lastKnownFileType = sourcecode.swift; path = FavoritesViewModel.swift; sourceTree = "<group>"; };
		2D30E95126B9BC880000768D /* ActivitiesViewModel.swift */ = {isa = PBXFileReference; lastKnownFileType = sourcecode.swift; path = ActivitiesViewModel.swift; sourceTree = "<group>"; };
		2D30E95326B9C45C0000768D /* JournalViewModel.swift */ = {isa = PBXFileReference; lastKnownFileType = sourcecode.swift; path = JournalViewModel.swift; sourceTree = "<group>"; };
		2D30E95526B9DB400000768D /* PhotoViewModel.swift */ = {isa = PBXFileReference; lastKnownFileType = sourcecode.swift; path = PhotoViewModel.swift; sourceTree = "<group>"; };
		2D30E95726B9DE780000768D /* StoreViewModel.swift */ = {isa = PBXFileReference; lastKnownFileType = sourcecode.swift; path = StoreViewModel.swift; sourceTree = "<group>"; };
		2D384C20243BCA3B00D0FFEB /* PageControllerManager.swift */ = {isa = PBXFileReference; lastKnownFileType = sourcecode.swift; path = PageControllerManager.swift; sourceTree = "<group>"; };
		2D384C22243BCB5E00D0FFEB /* EntryManager.swift */ = {isa = PBXFileReference; lastKnownFileType = sourcecode.swift; path = EntryManager.swift; sourceTree = "<group>"; };
		2D38D60224D22D3F009F82B5 /* Calm Cloud.entitlements */ = {isa = PBXFileReference; lastKnownFileType = text.plist.entitlements; path = "Calm Cloud.entitlements"; sourceTree = "<group>"; };
		2D3CC0E126B46940000EA922 /* OutsideVM+Animation.swift */ = {isa = PBXFileReference; lastKnownFileType = sourcecode.swift; path = "OutsideVM+Animation.swift"; sourceTree = "<group>"; };
		2D3CC0E326B47345000EA922 /* ReminderViewModel.swift */ = {isa = PBXFileReference; lastKnownFileType = sourcecode.swift; path = ReminderViewModel.swift; sourceTree = "<group>"; };
		2D3CC0E526B475F9000EA922 /* BasketViewModel.swift */ = {isa = PBXFileReference; lastKnownFileType = sourcecode.swift; path = BasketViewModel.swift; sourceTree = "<group>"; };
		2D3EB98B26AB6BE4004C6A78 /* Pods_Calm_Cloud.framework */ = {isa = PBXFileReference; explicitFileType = wrapper.framework; path = Pods_Calm_Cloud.framework; sourceTree = BUILT_PRODUCTS_DIR; };
		2D3EB99126AB7220004C6A78 /* loire.mp3 */ = {isa = PBXFileReference; lastKnownFileType = audio.mp3; path = loire.mp3; sourceTree = "<group>"; };
		2D3EB99326AB7226004C6A78 /* you_will_know.mp3 */ = {isa = PBXFileReference; lastKnownFileType = audio.mp3; path = you_will_know.mp3; sourceTree = "<group>"; };
		2D41EF27242D5CE20058C443 /* PhotoManager.swift */ = {isa = PBXFileReference; lastKnownFileType = sourcecode.swift; path = PhotoManager.swift; sourceTree = "<group>"; };
		2D41EF2E242D5EBB0058C443 /* DocumentsManager.swift */ = {isa = PBXFileReference; lastKnownFileType = sourcecode.swift; path = DocumentsManager.swift; sourceTree = "<group>"; };
		2D41EF30242D607C0058C443 /* FavoriteThingsViewController.swift */ = {isa = PBXFileReference; lastKnownFileType = sourcecode.swift; path = FavoriteThingsViewController.swift; sourceTree = "<group>"; };
		2D48CC36242548B200D0FBBB /* Calm Cloud.app */ = {isa = PBXFileReference; explicitFileType = wrapper.application; includeInIndex = 0; path = "Calm Cloud.app"; sourceTree = BUILT_PRODUCTS_DIR; };
		2D48CC39242548B200D0FBBB /* AppDelegate.swift */ = {isa = PBXFileReference; lastKnownFileType = sourcecode.swift; path = AppDelegate.swift; sourceTree = "<group>"; };
		2D48CC3B242548B200D0FBBB /* SceneDelegate.swift */ = {isa = PBXFileReference; lastKnownFileType = sourcecode.swift; path = SceneDelegate.swift; sourceTree = "<group>"; };
		2D48CC3D242548B200D0FBBB /* ViewController.swift */ = {isa = PBXFileReference; lastKnownFileType = sourcecode.swift; path = ViewController.swift; sourceTree = "<group>"; };
		2D48CC40242548B200D0FBBB /* Base */ = {isa = PBXFileReference; lastKnownFileType = file.storyboard; name = Base; path = Base.lproj/Main.storyboard; sourceTree = "<group>"; };
		2D48CC45242548B400D0FBBB /* Base */ = {isa = PBXFileReference; lastKnownFileType = file.storyboard; name = Base; path = Base.lproj/LaunchScreen.storyboard; sourceTree = "<group>"; };
		2D48CC47242548B400D0FBBB /* Info.plist */ = {isa = PBXFileReference; lastKnownFileType = text.plist.xml; path = Info.plist; sourceTree = "<group>"; };
		2D5D6F352464830C00993969 /* MiniGameViewController.swift */ = {isa = PBXFileReference; lastKnownFileType = sourcecode.swift; path = MiniGameViewController.swift; sourceTree = "<group>"; };
		2D60022D24A65DE0002188B1 /* StoreViewController.swift */ = {isa = PBXFileReference; lastKnownFileType = sourcecode.swift; path = StoreViewController.swift; sourceTree = "<group>"; };
		2D60023124A66113002188B1 /* StoreCollectionViewCell.swift */ = {isa = PBXFileReference; lastKnownFileType = sourcecode.swift; path = StoreCollectionViewCell.swift; sourceTree = "<group>"; };
		2D70349B2490053200B952CA /* QuantityChangeDelegate.swift */ = {isa = PBXFileReference; lastKnownFileType = sourcecode.swift; path = QuantityChangeDelegate.swift; sourceTree = "<group>"; };
		2D70349D24903A7B00B952CA /* Recentness.swift */ = {isa = PBXFileReference; lastKnownFileType = sourcecode.swift; path = Recentness.swift; sourceTree = "<group>"; };
		2D7E2AF224477CFA006C76BD /* Assets.xcassets */ = {isa = PBXFileReference; lastKnownFileType = folder.assetcatalog; path = Assets.xcassets; sourceTree = "<group>"; };
		2D7FCAB724324F2F00E2DEC4 /* PhotoViewController.swift */ = {isa = PBXFileReference; lastKnownFileType = sourcecode.swift; path = PhotoViewController.swift; sourceTree = "<group>"; };
		2D7FCAB92432506100E2DEC4 /* Photo+ScrollViewDelegate.swift */ = {isa = PBXFileReference; lastKnownFileType = sourcecode.swift; path = "Photo+ScrollViewDelegate.swift"; sourceTree = "<group>"; };
		2D7FCABB243263E800E2DEC4 /* ReminderViewController.swift */ = {isa = PBXFileReference; lastKnownFileType = sourcecode.swift; path = ReminderViewController.swift; sourceTree = "<group>"; };
		2D7FCABD2432918C00E2DEC4 /* ReminderListViewController.swift */ = {isa = PBXFileReference; lastKnownFileType = sourcecode.swift; path = ReminderListViewController.swift; sourceTree = "<group>"; };
		2D7FCABF2432968F00E2DEC4 /* ReminderTableViewCell.swift */ = {isa = PBXFileReference; lastKnownFileType = sourcecode.swift; path = ReminderTableViewCell.swift; sourceTree = "<group>"; };
		2D867DAD243E80B7005BE38F /* Alerts.swift */ = {isa = PBXFileReference; lastKnownFileType = sourcecode.swift; path = Alerts.swift; sourceTree = "<group>"; };
		2D875E102486F9480054B737 /* CalendarCollectionViewCell.swift */ = {isa = PBXFileReference; lastKnownFileType = sourcecode.swift; path = CalendarCollectionViewCell.swift; sourceTree = "<group>"; };
		2D8BA7D824B671E00020E6EF /* AppleIncRootCertificate.cer */ = {isa = PBXFileReference; lastKnownFileType = file; path = AppleIncRootCertificate.cer; sourceTree = "<group>"; };
		2D8C838C2433CBB2006711F2 /* Data.xcdatamodel */ = {isa = PBXFileReference; lastKnownFileType = wrapper.xcdatamodel; path = Data.xcdatamodel; sourceTree = "<group>"; };
		2D8C838E2433CDD9006711F2 /* CoreDataManager.swift */ = {isa = PBXFileReference; lastKnownFileType = sourcecode.swift; path = CoreDataManager.swift; sourceTree = "<group>"; };
		2D8F9041243F9E8F00211802 /* ActivityTableViewCell.swift */ = {isa = PBXFileReference; lastKnownFileType = sourcecode.swift; path = ActivityTableViewCell.swift; sourceTree = "<group>"; };
		2D8F9044243FC2EF00211802 /* ActivitiesViewController.swift */ = {isa = PBXFileReference; lastKnownFileType = sourcecode.swift; path = ActivitiesViewController.swift; sourceTree = "<group>"; };
		2D8F904A243FC5B900211802 /* ActivityManager.swift */ = {isa = PBXFileReference; lastKnownFileType = sourcecode.swift; path = ActivityManager.swift; sourceTree = "<group>"; wrapsLines = 1; };
		2D94639F25B8D7D200B3D878 /* tspt_city_spring_indoor_ambience_loop_019.mp3 */ = {isa = PBXFileReference; lastKnownFileType = audio.mp3; path = tspt_city_spring_indoor_ambience_loop_019.mp3; sourceTree = "<group>"; };
		2D9B7CFA24AD15FF00CDFA8E /* StoreObserver.swift */ = {isa = PBXFileReference; lastKnownFileType = sourcecode.swift; path = StoreObserver.swift; sourceTree = "<group>"; };
		2D9B7CFC24AD17EB00CDFA8E /* Receipt.swift */ = {isa = PBXFileReference; lastKnownFileType = sourcecode.swift; path = Receipt.swift; sourceTree = "<group>"; };
		2D9B7CFE24AD187B00CDFA8E /* StoreHelper.swift */ = {isa = PBXFileReference; lastKnownFileType = sourcecode.swift; path = StoreHelper.swift; sourceTree = "<group>"; };
		2D9B7D0024AD18CF00CDFA8E /* ReceiptItem.swift */ = {isa = PBXFileReference; lastKnownFileType = sourcecode.swift; path = ReceiptItem.swift; sourceTree = "<group>"; };
		2D9B7D0224AD24A400CDFA8E /* libcrypto.a */ = {isa = PBXFileReference; lastKnownFileType = archive.ar; name = libcrypto.a; path = "Pods/OpenSSL-Universal/ios/lib/libcrypto.a"; sourceTree = "<group>"; };
		2D9B7D0424AD250A00CDFA8E /* libssl.a */ = {isa = PBXFileReference; lastKnownFileType = archive.ar; name = libssl.a; path = "Pods/OpenSSL-Universal/ios/lib/libssl.a"; sourceTree = "<group>"; };
		2D9B7D0624AD253400CDFA8E /* StoreKit.framework */ = {isa = PBXFileReference; lastKnownFileType = wrapper.framework; name = StoreKit.framework; path = System/Library/Frameworks/StoreKit.framework; sourceTree = SDKROOT; };
		2D9B7D0824AD268A00CDFA8E /* header.h */ = {isa = PBXFileReference; lastKnownFileType = sourcecode.c.h; path = header.h; sourceTree = "<group>"; };
		2D9B7D0924AD342900CDFA8E /* NetworkMonitor.swift */ = {isa = PBXFileReference; lastKnownFileType = sourcecode.swift; path = NetworkMonitor.swift; sourceTree = "<group>"; };
		2D9B7D0B24AD3CC200CDFA8E /* BuyPlantViewController.swift */ = {isa = PBXFileReference; lastKnownFileType = sourcecode.swift; path = BuyPlantViewController.swift; sourceTree = "<group>"; };
		2DA08A252530D7EF00A5129F /* WeatherManager.swift */ = {isa = PBXFileReference; lastKnownFileType = sourcecode.swift; path = WeatherManager.swift; sourceTree = "<group>"; };
		2DA327EB26B1E6E6002DFB2A /* OutsideViewModel.swift */ = {isa = PBXFileReference; lastKnownFileType = sourcecode.swift; path = OutsideViewModel.swift; sourceTree = "<group>"; };
		2DA327ED26B1E944002DFB2A /* OutsideVM+CoreData.swift */ = {isa = PBXFileReference; lastKnownFileType = sourcecode.swift; path = "OutsideVM+CoreData.swift"; sourceTree = "<group>"; };
		2DA33FBC24AA6E5400B4BCED /* PlantManager+Images.swift */ = {isa = PBXFileReference; lastKnownFileType = sourcecode.swift; path = "PlantManager+Images.swift"; sourceTree = "<group>"; };
		2DAA52282472FDDA00171A7D /* LevelManager.swift */ = {isa = PBXFileReference; lastKnownFileType = sourcecode.swift; path = LevelManager.swift; sourceTree = "<group>"; };
		2DAEFB3C25A913EB00FB4D38 /* audio_hero_FireMediumRoarHiss_PE052201_358.mp3 */ = {isa = PBXFileReference; lastKnownFileType = audio.mp3; path = audio_hero_FireMediumRoarHiss_PE052201_358.mp3; sourceTree = "<group>"; };
		2DB13215247835C100FA6D71 /* DataFunctions.swift */ = {isa = PBXFileReference; lastKnownFileType = sourcecode.swift; path = DataFunctions.swift; sourceTree = "<group>"; };
		2DB1321824783F5500FA6D71 /* ViewController+Animations.swift */ = {isa = PBXFileReference; lastKnownFileType = sourcecode.swift; path = "ViewController+Animations.swift"; sourceTree = "<group>"; };
		2DB1321A247843AD00FA6D71 /* Outside+Animations.swift */ = {isa = PBXFileReference; lastKnownFileType = sourcecode.swift; path = "Outside+Animations.swift"; sourceTree = "<group>"; };
		2DB1D48824573DDD00512E4F /* CareManager.swift */ = {isa = PBXFileReference; lastKnownFileType = sourcecode.swift; path = CareManager.swift; sourceTree = "<group>"; };
		2DB2858426B34313005E0528 /* Random.swift */ = {isa = PBXFileReference; lastKnownFileType = sourcecode.swift; path = Random.swift; sourceTree = "<group>"; };
		2DB2858626B34CA7005E0528 /* ViewModel+Animation.swift */ = {isa = PBXFileReference; lastKnownFileType = sourcecode.swift; path = "ViewModel+Animation.swift"; sourceTree = "<group>"; };
		2DB4106424916E8C00EFD088 /* MoneyManager.swift */ = {isa = PBXFileReference; lastKnownFileType = sourcecode.swift; path = MoneyManager.swift; sourceTree = "<group>"; };
		2DB6394B252F83C700D8ECE0 /* zapsplat_nature_forest_ambience_wind_trees_birds_leaves_fall_to_ground_autumn_20090.mp3 */ = {isa = PBXFileReference; lastKnownFileType = audio.mp3; path = zapsplat_nature_forest_ambience_wind_trees_birds_leaves_fall_to_ground_autumn_20090.mp3; sourceTree = "<group>"; };
		2DB6394D252F871900D8ECE0 /* zapsplat_horror_graveyard_ambience_night_wind_owls_43583.mp3 */ = {isa = PBXFileReference; lastKnownFileType = audio.mp3; path = zapsplat_horror_graveyard_ambience_night_wind_owls_43583.mp3; sourceTree = "<group>"; };
		2DB6394F252F899B00D8ECE0 /* kedr_sfx_stockholm_roomtone_flat_day_closed_window_ac_hum_calm_street_sounds_behind_wall.mp3 */ = {isa = PBXFileReference; lastKnownFileType = audio.mp3; path = kedr_sfx_stockholm_roomtone_flat_day_closed_window_ac_hum_calm_street_sounds_behind_wall.mp3; sourceTree = "<group>"; };
		2DB63951252F91E600D8ECE0 /* weather-wind-trees-bushes-countryside.mp3 */ = {isa = PBXFileReference; lastKnownFileType = audio.mp3; path = "weather-wind-trees-bushes-countryside.mp3"; sourceTree = "<group>"; };
		2DB63953252F929100D8ECE0 /* spa_snowstorm_ambience_snow_falling_on_ground_with_wind.mp3 */ = {isa = PBXFileReference; lastKnownFileType = audio.mp3; path = spa_snowstorm_ambience_snow_falling_on_ground_with_wind.mp3; sourceTree = "<group>"; };
		2DB63955252F982900D8ECE0 /* west_wolf_Rear_Street_City_Rain_With_Thunders.mp3 */ = {isa = PBXFileReference; lastKnownFileType = audio.mp3; path = west_wolf_Rear_Street_City_Rain_With_Thunders.mp3; sourceTree = "<group>"; };
		2DB63957252FA51800D8ECE0 /* zapsplat_nature_rain_internal_home_rec_open_window_occ_cars_pass_low_thunder_rumbles_001_25102.mp3 */ = {isa = PBXFileReference; lastKnownFileType = audio.mp3; path = zapsplat_nature_rain_internal_home_rec_open_window_occ_cars_pass_low_thunder_rumbles_001_25102.mp3; sourceTree = "<group>"; };
		2DB6E53F248AD8CA007DA241 /* BasketTableViewCell.swift */ = {isa = PBXFileReference; lastKnownFileType = sourcecode.swift; path = BasketTableViewCell.swift; sourceTree = "<group>"; };
		2DB6E543248AF375007DA241 /* Harvested.swift */ = {isa = PBXFileReference; lastKnownFileType = sourcecode.swift; path = Harvested.swift; sourceTree = "<group>"; };
		2DB781712477039800EDCAF9 /* DeliveryViewController.swift */ = {isa = PBXFileReference; lastKnownFileType = sourcecode.swift; path = DeliveryViewController.swift; sourceTree = "<group>"; };
		2DC3644A24ABE99C0059755A /* Products.swift */ = {isa = PBXFileReference; lastKnownFileType = sourcecode.swift; path = Products.swift; sourceTree = "<group>"; };
		2DC5606E24A271D200D5AA57 /* MiniGameTwoViewController.swift */ = {isa = PBXFileReference; lastKnownFileType = sourcecode.swift; path = MiniGameTwoViewController.swift; sourceTree = "<group>"; };
		2DC5EBCA2474886300741E5E /* Colors.swift */ = {isa = PBXFileReference; lastKnownFileType = sourcecode.swift; path = Colors.swift; sourceTree = "<group>"; };
		2DC95DDC2485A9830085DD14 /* CompareImages.swift */ = {isa = PBXFileReference; lastKnownFileType = sourcecode.swift; path = CompareImages.swift; sourceTree = "<group>"; };
		2DC95DDE2485AC160085DD14 /* HarvestViewController.swift */ = {isa = PBXFileReference; lastKnownFileType = sourcecode.swift; path = HarvestViewController.swift; sourceTree = "<group>"; };
		2DC9765726AB678000203E76 /* Pods_Calm_Cloud.framework */ = {isa = PBXFileReference; explicitFileType = wrapper.framework; path = Pods_Calm_Cloud.framework; sourceTree = BUILT_PRODUCTS_DIR; };
		2DC9765B26AB679200203E76 /* Pods_Calm_Cloud.framework */ = {isa = PBXFileReference; explicitFileType = wrapper.framework; path = Pods_Calm_Cloud.framework; sourceTree = BUILT_PRODUCTS_DIR; };
		2DCC9C7A24672031006834B0 /* PlantManager.swift */ = {isa = PBXFileReference; lastKnownFileType = sourcecode.swift; path = PlantManager.swift; sourceTree = "<group>"; };
		2DD2C318246352F40070934D /* audio_hero_NightAmbienceCalm+PE011801.mp3 */ = {isa = PBXFileReference; lastKnownFileType = audio.mp3; path = "audio_hero_NightAmbienceCalm+PE011801.mp3"; sourceTree = "<group>"; };
		2DD2C31A246353310070934D /* Sounds.swift */ = {isa = PBXFileReference; lastKnownFileType = sourcecode.swift; path = Sounds.swift; sourceTree = "<group>"; };
		2DD50C1A242D47B200073B49 /* AnimationExtensions.swift */ = {isa = PBXFileReference; lastKnownFileType = sourcecode.swift; path = AnimationExtensions.swift; sourceTree = "<group>"; };
		2DD50C1C242D535F00073B49 /* JournalViewController.swift */ = {isa = PBXFileReference; lastKnownFileType = sourcecode.swift; path = JournalViewController.swift; sourceTree = "<group>"; };
		2DD50C20242D58F600073B49 /* PhotoCollectionViewCell.swift */ = {isa = PBXFileReference; lastKnownFileType = sourcecode.swift; path = PhotoCollectionViewCell.swift; sourceTree = "<group>"; };
		2DD7C97124D08CAA0008C79F /* Blastwave_FX_NightCornField_S011AM.8.mp3 */ = {isa = PBXFileReference; lastKnownFileType = audio.mp3; path = Blastwave_FX_NightCornField_S011AM.8.mp3; sourceTree = "<group>"; };
		2DD7C97324D09E2E0008C79F /* InfoViewController.swift */ = {isa = PBXFileReference; lastKnownFileType = sourcecode.swift; path = InfoViewController.swift; sourceTree = "<group>"; };
		2DDA8BFF2450B7A20025950B /* AnimationTimer.swift */ = {isa = PBXFileReference; lastKnownFileType = sourcecode.swift; path = AnimationTimer.swift; sourceTree = "<group>"; };
		2DDEA32A242A98E800717E8C /* AnimationManager.swift */ = {isa = PBXFileReference; lastKnownFileType = sourcecode.swift; path = AnimationManager.swift; sourceTree = "<group>"; };
		2DFD54B024660B100096FD5C /* Plantings.swift */ = {isa = PBXFileReference; lastKnownFileType = sourcecode.swift; path = Plantings.swift; sourceTree = "<group>"; };
		7342098CA9156F3920FAC3AF /* Pods-Calm Cloud.debug.xcconfig */ = {isa = PBXFileReference; includeInIndex = 1; lastKnownFileType = text.xcconfig; name = "Pods-Calm Cloud.debug.xcconfig"; path = "Target Support Files/Pods-Calm Cloud/Pods-Calm Cloud.debug.xcconfig"; sourceTree = "<group>"; };
		E37AE3B8A5B8DED3AE9FFF65 /* Pods-Calm Cloud.release.xcconfig */ = {isa = PBXFileReference; includeInIndex = 1; lastKnownFileType = text.xcconfig; name = "Pods-Calm Cloud.release.xcconfig"; path = "Target Support Files/Pods-Calm Cloud/Pods-Calm Cloud.release.xcconfig"; sourceTree = "<group>"; };
/* End PBXFileReference section */

/* Begin PBXFrameworksBuildPhase section */
		2D48CC33242548B200D0FBBB /* Frameworks */ = {
			isa = PBXFrameworksBuildPhase;
			buildActionMask = 2147483647;
			files = (
				2D3EB98C26AB6BE4004C6A78 /* Pods_Calm_Cloud.framework in Frameworks */,
				2D9B7D0724AD253400CDFA8E /* StoreKit.framework in Frameworks */,
			);
			runOnlyForDeploymentPostprocessing = 0;
		};
/* End PBXFrameworksBuildPhase section */

/* Begin PBXGroup section */
		2D26545F2441164600FBFF74 /* Helpers */ = {
			isa = PBXGroup;
			children = (
				2D867DAD243E80B7005BE38F /* Alerts.swift */,
				2DB2858426B34313005E0528 /* Random.swift */,
				2D2654602441165800FBFF74 /* CellCheckDelegate.swift */,
				2D70349B2490053200B952CA /* QuantityChangeDelegate.swift */,
				2D70349D24903A7B00B952CA /* Recentness.swift */,
				2DC95DDC2485A9830085DD14 /* CompareImages.swift */,
				2DC3644A24ABE99C0059755A /* Products.swift */,
				2D9B7CFA24AD15FF00CDFA8E /* StoreObserver.swift */,
				2D9B7CFC24AD17EB00CDFA8E /* Receipt.swift */,
				2D9B7CFE24AD187B00CDFA8E /* StoreHelper.swift */,
				2D9B7D0024AD18CF00CDFA8E /* ReceiptItem.swift */,
			);
			path = Helpers;
			sourceTree = "<group>";
		};
		2D2D9FB726B0B14D0042B6F2 /* View Models */ = {
			isa = PBXGroup;
			children = (
				2D2D9FB826B0B1680042B6F2 /* ViewModel.swift */,
				2D2D9FBC26B0BF5C0042B6F2 /* ViewModel+CoreData.swift */,
				2DB2858626B34CA7005E0528 /* ViewModel+Animation.swift */,
				2DA327EB26B1E6E6002DFB2A /* OutsideViewModel.swift */,
				2D3CC0E126B46940000EA922 /* OutsideVM+Animation.swift */,
				2DA327ED26B1E944002DFB2A /* OutsideVM+CoreData.swift */,
				2D3CC0E326B47345000EA922 /* ReminderViewModel.swift */,
				2D3CC0E526B475F9000EA922 /* BasketViewModel.swift */,
				2D30E94F26B9BA3A0000768D /* FavoritesViewModel.swift */,
				2D30E95126B9BC880000768D /* ActivitiesViewModel.swift */,
				2D30E95326B9C45C0000768D /* JournalViewModel.swift */,
				2D30E95526B9DB400000768D /* PhotoViewModel.swift */,
				2D30E95726B9DE780000768D /* StoreViewModel.swift */,
				2D2E52F626BB2060007DF8A8 /* PlantPurchaseViewModel.swift */,
				2D2E52F826BB2578007DF8A8 /* DeliveryViewModel.swift */,
				2D2E52FA26BB26AD007DF8A8 /* TasksViewModel.swift */,
				2D2E52FC26BB2BDA007DF8A8 /* InventoryViewModel.swift */,
				2D2E52FE26BB306F007DF8A8 /* MiniGameViewModel.swift */,
			);
			path = "View Models";
			sourceTree = "<group>";
		};
		2D41EF2D242D5EAF0058C443 /* Models */ = {
			isa = PBXGroup;
			children = (
				2D41EF2E242D5EBB0058C443 /* DocumentsManager.swift */,
				2D2D9FBA26B0B21F0042B6F2 /* StatusManager.swift */,
				2D9B7D0924AD342900CDFA8E /* NetworkMonitor.swift */,
				2D41EF27242D5CE20058C443 /* PhotoManager.swift */,
				2D384C20243BCA3B00D0FFEB /* PageControllerManager.swift */,
				2D384C22243BCB5E00D0FFEB /* EntryManager.swift */,
				2D14EBDD243E7740004CB7E2 /* NotificationManager.swift */,
				2D8F904A243FC5B900211802 /* ActivityManager.swift */,
				2D14EBDB243E752B004CB7E2 /* ReminderManager.swift */,
				2DB1D48824573DDD00512E4F /* CareManager.swift */,
				2DFD54B024660B100096FD5C /* Plantings.swift */,
				2DCC9C7A24672031006834B0 /* PlantManager.swift */,
				2DA33FBC24AA6E5400B4BCED /* PlantManager+Images.swift */,
				2DB6E543248AF375007DA241 /* Harvested.swift */,
				2DAA52282472FDDA00171A7D /* LevelManager.swift */,
				2DB4106424916E8C00EFD088 /* MoneyManager.swift */,
				2DC5EBCA2474886300741E5E /* Colors.swift */,
				2DA08A252530D7EF00A5129F /* WeatherManager.swift */,
				2D03D3E925ACDDC50096A3FE /* ItemManager.swift */,
				2D03D3EB25AD01B20096A3FE /* Fireplace.swift */,
			);
			path = Models;
			sourceTree = "<group>";
		};
		2D48CC2D242548B200D0FBBB = {
			isa = PBXGroup;
			children = (
				2D48CC38242548B200D0FBBB /* Calm Cloud */,
				2D48CC37242548B200D0FBBB /* Products */,
				76B069B5AFF26A257C908225 /* Pods */,
				DFFCED311ABFD1645B72F9C7 /* Frameworks */,
			);
			sourceTree = "<group>";
		};
		2D48CC37242548B200D0FBBB /* Products */ = {
			isa = PBXGroup;
			children = (
				2D48CC36242548B200D0FBBB /* Calm Cloud.app */,
			);
			name = Products;
			sourceTree = "<group>";
		};
		2D48CC38242548B200D0FBBB /* Calm Cloud */ = {
			isa = PBXGroup;
			children = (
				2D38D60224D22D3F009F82B5 /* Calm Cloud.entitlements */,
				2D48CC39242548B200D0FBBB /* AppDelegate.swift */,
				2D8BA7D824B671E00020E6EF /* AppleIncRootCertificate.cer */,
				2D48CC3B242548B200D0FBBB /* SceneDelegate.swift */,
				2D2D9FB726B0B14D0042B6F2 /* View Models */,
				2D41EF2D242D5EAF0058C443 /* Models */,
				2DD50C1E242D58CC00073B49 /* Views */,
				2D48CC3F242548B200D0FBBB /* Main.storyboard */,
				2D9B7D0824AD268A00CDFA8E /* header.h */,
				2D8C838B2433CBB2006711F2 /* Data.xcdatamodeld */,
				2D8C838E2433CDD9006711F2 /* CoreDataManager.swift */,
				2DB132172478372D00FA6D71 /* Core Data */,
				2DD2C317246352C70070934D /* Sounds */,
				2D7E2AF224477CFA006C76BD /* Assets.xcassets */,
				2D26545F2441164600FBFF74 /* Helpers */,
				2DD50C1F242D58D800073B49 /* Animation */,
				2D48CC44242548B400D0FBBB /* LaunchScreen.storyboard */,
				2D48CC47242548B400D0FBBB /* Info.plist */,
			);
			path = "Calm Cloud";
			sourceTree = "<group>";
		};
		2D8F9040243F9DE800211802 /* Cells */ = {
			isa = PBXGroup;
			children = (
				2D7FCABF2432968F00E2DEC4 /* ReminderTableViewCell.swift */,
				2DD50C20242D58F600073B49 /* PhotoCollectionViewCell.swift */,
				2D8F9041243F9E8F00211802 /* ActivityTableViewCell.swift */,
				2D2EF6A52466017E00E497DC /* InventoryCollectionViewCell.swift */,
				2D875E102486F9480054B737 /* CalendarCollectionViewCell.swift */,
				2DB6E53F248AD8CA007DA241 /* BasketTableViewCell.swift */,
				2D60023124A66113002188B1 /* StoreCollectionViewCell.swift */,
			);
			path = Cells;
			sourceTree = "<group>";
		};
		2DB132172478372D00FA6D71 /* Core Data */ = {
			isa = PBXGroup;
			children = (
				2DB13215247835C100FA6D71 /* DataFunctions.swift */,
			);
			path = "Core Data";
			sourceTree = "<group>";
		};
		2DB781702477034000EDCAF9 /* Containers */ = {
			isa = PBXGroup;
			children = (
				2D9B7D0B24AD3CC200CDFA8E /* BuyPlantViewController.swift */,
				2D5D6F352464830C00993969 /* MiniGameViewController.swift */,
				2DB781712477039800EDCAF9 /* DeliveryViewController.swift */,
				2D00EEBE24942EE2000DA1C8 /* TasksViewController.swift */,
				2D2EF6A12465F2EE00E497DC /* PopUpViewController.swift */,
				2D2EF6A3246600FF00E497DC /* InventoryViewController.swift */,
				2D07E98824A150E900FD6E66 /* RemoveViewController.swift */,
				2DC95DDE2485AC160085DD14 /* HarvestViewController.swift */,
				2DC5606E24A271D200D5AA57 /* MiniGameTwoViewController.swift */,
			);
			path = Containers;
			sourceTree = "<group>";
		};
		2DD2C317246352C70070934D /* Sounds */ = {
			isa = PBXGroup;
			children = (
				2DD2C31A246353310070934D /* Sounds.swift */,
				2D00EEB82494200E000DA1C8 /* audio_hero_ForestDay_DIGIX05_11_362.mp3 */,
				2DB63955252F982900D8ECE0 /* west_wolf_Rear_Street_City_Rain_With_Thunders.mp3 */,
				2DB6394F252F899B00D8ECE0 /* kedr_sfx_stockholm_roomtone_flat_day_closed_window_ac_hum_calm_street_sounds_behind_wall.mp3 */,
				2DAEFB3C25A913EB00FB4D38 /* audio_hero_FireMediumRoarHiss_PE052201_358.mp3 */,
				2D94639F25B8D7D200B3D878 /* tspt_city_spring_indoor_ambience_loop_019.mp3 */,
				2DB63957252FA51800D8ECE0 /* zapsplat_nature_rain_internal_home_rec_open_window_occ_cars_pass_low_thunder_rumbles_001_25102.mp3 */,
				2DB63953252F929100D8ECE0 /* spa_snowstorm_ambience_snow_falling_on_ground_with_wind.mp3 */,
				2DB63951252F91E600D8ECE0 /* weather-wind-trees-bushes-countryside.mp3 */,
				2D3EB99326AB7226004C6A78 /* you_will_know.mp3 */,
				2D3EB99126AB7220004C6A78 /* loire.mp3 */,
				2DD7C97124D08CAA0008C79F /* Blastwave_FX_NightCornField_S011AM.8.mp3 */,
				2DB6394D252F871900D8ECE0 /* zapsplat_horror_graveyard_ambience_night_wind_owls_43583.mp3 */,
				2DB6394B252F83C700D8ECE0 /* zapsplat_nature_forest_ambience_wind_trees_birds_leaves_fall_to_ground_autumn_20090.mp3 */,
				2DD2C318246352F40070934D /* audio_hero_NightAmbienceCalm+PE011801.mp3 */,
			);
			path = Sounds;
			sourceTree = "<group>";
		};
		2DD50C1E242D58CC00073B49 /* Views */ = {
			isa = PBXGroup;
			children = (
				2D8F9040243F9DE800211802 /* Cells */,
				2D48CC3D242548B200D0FBBB /* ViewController.swift */,
				2DB1321824783F5500FA6D71 /* ViewController+Animations.swift */,
				2D26545D2440F6EE00FBFF74 /* OutsideViewController.swift */,
				2DB1321A247843AD00FA6D71 /* Outside+Animations.swift */,
				2DB781702477034000EDCAF9 /* Containers */,
				2D7FCABB243263E800E2DEC4 /* ReminderViewController.swift */,
				2D60022D24A65DE0002188B1 /* StoreViewController.swift */,
				2D25AFF72489A126003BDBE6 /* BasketViewController.swift */,
				2D7FCABD2432918C00E2DEC4 /* ReminderListViewController.swift */,
				2D41EF30242D607C0058C443 /* FavoriteThingsViewController.swift */,
				2D8F9044243FC2EF00211802 /* ActivitiesViewController.swift */,
				2DD50C1C242D535F00073B49 /* JournalViewController.swift */,
				2D11FD6824367EA900EC89D9 /* Journal+TextViewDelegate.swift */,
				2D7FCAB724324F2F00E2DEC4 /* PhotoViewController.swift */,
				2D7FCAB92432506100E2DEC4 /* Photo+ScrollViewDelegate.swift */,
				2DD7C97324D09E2E0008C79F /* InfoViewController.swift */,
			);
			path = Views;
			sourceTree = "<group>";
		};
		2DD50C1F242D58D800073B49 /* Animation */ = {
			isa = PBXGroup;
			children = (
				2DDA8BFF2450B7A20025950B /* AnimationTimer.swift */,
				2DDEA32A242A98E800717E8C /* AnimationManager.swift */,
				2DD50C1A242D47B200073B49 /* AnimationExtensions.swift */,
			);
			path = Animation;
			sourceTree = "<group>";
		};
		76B069B5AFF26A257C908225 /* Pods */ = {
			isa = PBXGroup;
			children = (
				7342098CA9156F3920FAC3AF /* Pods-Calm Cloud.debug.xcconfig */,
				E37AE3B8A5B8DED3AE9FFF65 /* Pods-Calm Cloud.release.xcconfig */,
			);
			path = Pods;
			sourceTree = "<group>";
		};
		DFFCED311ABFD1645B72F9C7 /* Frameworks */ = {
			isa = PBXGroup;
			children = (
				2D3EB98B26AB6BE4004C6A78 /* Pods_Calm_Cloud.framework */,
				2DC9765B26AB679200203E76 /* Pods_Calm_Cloud.framework */,
				2DC9765726AB678000203E76 /* Pods_Calm_Cloud.framework */,
				2D9B7D0624AD253400CDFA8E /* StoreKit.framework */,
				2D9B7D0424AD250A00CDFA8E /* libssl.a */,
				2D9B7D0224AD24A400CDFA8E /* libcrypto.a */,
				211AF311F66267DAA0A89D1C /* Pods_Calm_Cloud.framework */,
			);
			name = Frameworks;
			sourceTree = "<group>";
		};
/* End PBXGroup section */

/* Begin PBXNativeTarget section */
		2D48CC35242548B200D0FBBB /* Calm Cloud */ = {
			isa = PBXNativeTarget;
			buildConfigurationList = 2D48CC4A242548B400D0FBBB /* Build configuration list for PBXNativeTarget "Calm Cloud" */;
			buildPhases = (
				FC5EB765442F3CA6AE15A222 /* [CP] Check Pods Manifest.lock */,
				2D48CC32242548B200D0FBBB /* Sources */,
				2D48CC33242548B200D0FBBB /* Frameworks */,
				2D48CC34242548B200D0FBBB /* Resources */,
				2DC9765A26AB678000203E76 /* Embed Frameworks */,
				E56F7B9BAF4CFF4101B767D6 /* [CP] Embed Pods Frameworks */,
			);
			buildRules = (
			);
			dependencies = (
			);
			name = "Calm Cloud";
			productName = "Calm Cloud";
			productReference = 2D48CC36242548B200D0FBBB /* Calm Cloud.app */;
			productType = "com.apple.product-type.application";
		};
/* End PBXNativeTarget section */

/* Begin PBXProject section */
		2D48CC2E242548B200D0FBBB /* Project object */ = {
			isa = PBXProject;
			attributes = {
				LastSwiftUpdateCheck = 1130;
				LastUpgradeCheck = 1130;
				ORGANIZATIONNAME = "Kate Duncan-Welke";
				TargetAttributes = {
					2D48CC35242548B200D0FBBB = {
						CreatedOnToolsVersion = 11.3.1;
					};
				};
			};
			buildConfigurationList = 2D48CC31242548B200D0FBBB /* Build configuration list for PBXProject "Calm Cloud" */;
			compatibilityVersion = "Xcode 9.3";
			developmentRegion = en;
			hasScannedForEncodings = 0;
			knownRegions = (
				en,
				Base,
			);
			mainGroup = 2D48CC2D242548B200D0FBBB;
			productRefGroup = 2D48CC37242548B200D0FBBB /* Products */;
			projectDirPath = "";
			projectRoot = "";
			targets = (
				2D48CC35242548B200D0FBBB /* Calm Cloud */,
			);
		};
/* End PBXProject section */

/* Begin PBXResourcesBuildPhase section */
		2D48CC34242548B200D0FBBB /* Resources */ = {
			isa = PBXResourcesBuildPhase;
			buildActionMask = 2147483647;
			files = (
				2DB63956252F982900D8ECE0 /* west_wolf_Rear_Street_City_Rain_With_Thunders.mp3 in Resources */,
				2D9463A025B8D7D300B3D878 /* tspt_city_spring_indoor_ambience_loop_019.mp3 in Resources */,
				2DB63954252F929100D8ECE0 /* spa_snowstorm_ambience_snow_falling_on_ground_with_wind.mp3 in Resources */,
				2DB63950252F899B00D8ECE0 /* kedr_sfx_stockholm_roomtone_flat_day_closed_window_ac_hum_calm_street_sounds_behind_wall.mp3 in Resources */,
				2D8BA7D924B672E90020E6EF /* AppleIncRootCertificate.cer in Resources */,
				2DAEFB3D25A913EB00FB4D38 /* audio_hero_FireMediumRoarHiss_PE052201_358.mp3 in Resources */,
				2D48CC46242548B400D0FBBB /* LaunchScreen.storyboard in Resources */,
				2DB6394E252F871900D8ECE0 /* zapsplat_horror_graveyard_ambience_night_wind_owls_43583.mp3 in Resources */,
				2DB6394C252F83C700D8ECE0 /* zapsplat_nature_forest_ambience_wind_trees_birds_leaves_fall_to_ground_autumn_20090.mp3 in Resources */,
				2DB63958252FA51800D8ECE0 /* zapsplat_nature_rain_internal_home_rec_open_window_occ_cars_pass_low_thunder_rumbles_001_25102.mp3 in Resources */,
				2D7E2AF324477CFA006C76BD /* Assets.xcassets in Resources */,
				2D3EB99426AB7226004C6A78 /* you_will_know.mp3 in Resources */,
				2DB63952252F91E600D8ECE0 /* weather-wind-trees-bushes-countryside.mp3 in Resources */,
				2D48CC41242548B200D0FBBB /* Main.storyboard in Resources */,
				2DD2C319246352F40070934D /* audio_hero_NightAmbienceCalm+PE011801.mp3 in Resources */,
				2D3EB99226AB7220004C6A78 /* loire.mp3 in Resources */,
				2D00EEB92494200E000DA1C8 /* audio_hero_ForestDay_DIGIX05_11_362.mp3 in Resources */,
				2DD7C97224D08CAA0008C79F /* Blastwave_FX_NightCornField_S011AM.8.mp3 in Resources */,
			);
			runOnlyForDeploymentPostprocessing = 0;
		};
/* End PBXResourcesBuildPhase section */

/* Begin PBXShellScriptBuildPhase section */
		E56F7B9BAF4CFF4101B767D6 /* [CP] Embed Pods Frameworks */ = {
			isa = PBXShellScriptBuildPhase;
			buildActionMask = 2147483647;
			files = (
			);
			inputFileListPaths = (
				"${PODS_ROOT}/Target Support Files/Pods-Calm Cloud/Pods-Calm Cloud-frameworks-${CONFIGURATION}-input-files.xcfilelist",
			);
			name = "[CP] Embed Pods Frameworks";
			outputFileListPaths = (
				"${PODS_ROOT}/Target Support Files/Pods-Calm Cloud/Pods-Calm Cloud-frameworks-${CONFIGURATION}-output-files.xcfilelist",
			);
			runOnlyForDeploymentPostprocessing = 0;
			shellPath = /bin/sh;
			shellScript = "\"${PODS_ROOT}/Target Support Files/Pods-Calm Cloud/Pods-Calm Cloud-frameworks.sh\"\n";
			showEnvVarsInLog = 0;
		};
		FC5EB765442F3CA6AE15A222 /* [CP] Check Pods Manifest.lock */ = {
			isa = PBXShellScriptBuildPhase;
			buildActionMask = 2147483647;
			files = (
			);
			inputFileListPaths = (
			);
			inputPaths = (
				"${PODS_PODFILE_DIR_PATH}/Podfile.lock",
				"${PODS_ROOT}/Manifest.lock",
			);
			name = "[CP] Check Pods Manifest.lock";
			outputFileListPaths = (
			);
			outputPaths = (
				"$(DERIVED_FILE_DIR)/Pods-Calm Cloud-checkManifestLockResult.txt",
			);
			runOnlyForDeploymentPostprocessing = 0;
			shellPath = /bin/sh;
			shellScript = "diff \"${PODS_PODFILE_DIR_PATH}/Podfile.lock\" \"${PODS_ROOT}/Manifest.lock\" > /dev/null\nif [ $? != 0 ] ; then\n    # print error to STDERR\n    echo \"error: The sandbox is not in sync with the Podfile.lock. Run 'pod install' or update your CocoaPods installation.\" >&2\n    exit 1\nfi\n# This output is used by Xcode 'outputs' to avoid re-running this script phase.\necho \"SUCCESS\" > \"${SCRIPT_OUTPUT_FILE_0}\"\n";
			showEnvVarsInLog = 0;
		};
/* End PBXShellScriptBuildPhase section */

/* Begin PBXSourcesBuildPhase section */
		2D48CC32242548B200D0FBBB /* Sources */ = {
			isa = PBXSourcesBuildPhase;
			buildActionMask = 2147483647;
			files = (
				2D30E95426B9C45C0000768D /* JournalViewModel.swift in Sources */,
				2DDEA32B242A98E800717E8C /* AnimationManager.swift in Sources */,
				2D48CC3E242548B200D0FBBB /* ViewController.swift in Sources */,
				2D7FCABC243263E800E2DEC4 /* ReminderViewController.swift in Sources */,
				2DA33FBD24AA6E5400B4BCED /* PlantManager+Images.swift in Sources */,
				2D41EF28242D5CE20058C443 /* PhotoManager.swift in Sources */,
				2DC5606F24A271D200D5AA57 /* MiniGameTwoViewController.swift in Sources */,
				2DCC9C7B24672031006834B0 /* PlantManager.swift in Sources */,
				2D2E52F926BB2578007DF8A8 /* DeliveryViewModel.swift in Sources */,
				2DC95DDD2485A9830085DD14 /* CompareImages.swift in Sources */,
				2DD50C1B242D47B200073B49 /* AnimationExtensions.swift in Sources */,
				2D03D3EA25ACDDC50096A3FE /* ItemManager.swift in Sources */,
				2DB4106524916E8C00EFD088 /* MoneyManager.swift in Sources */,
				2D2E52FD26BB2BDA007DF8A8 /* InventoryViewModel.swift in Sources */,
				2D2EF6A22465F2EE00E497DC /* PopUpViewController.swift in Sources */,
				2D2D9FBD26B0BF5C0042B6F2 /* ViewModel+CoreData.swift in Sources */,
				2D2E52FF26BB306F007DF8A8 /* MiniGameViewModel.swift in Sources */,
				2DA08A262530D7EF00A5129F /* WeatherManager.swift in Sources */,
				2DD2C31B246353310070934D /* Sounds.swift in Sources */,
				2D3CC0E226B46940000EA922 /* OutsideVM+Animation.swift in Sources */,
				2D14EBDE243E7740004CB7E2 /* NotificationManager.swift in Sources */,
				2D07E98924A150E900FD6E66 /* RemoveViewController.swift in Sources */,
				2D9B7CFB24AD15FF00CDFA8E /* StoreObserver.swift in Sources */,
				2D30E95226B9BC880000768D /* ActivitiesViewModel.swift in Sources */,
				2DFD54B124660B100096FD5C /* Plantings.swift in Sources */,
				2DB1321B247843AD00FA6D71 /* Outside+Animations.swift in Sources */,
				2DB781722477039800EDCAF9 /* DeliveryViewController.swift in Sources */,
				2DB2858726B34CA7005E0528 /* ViewModel+Animation.swift in Sources */,
				2D14EBDC243E752B004CB7E2 /* ReminderManager.swift in Sources */,
				2D00EEBF24942EE2000DA1C8 /* TasksViewController.swift in Sources */,
				2DD7C97424D09E2E0008C79F /* InfoViewController.swift in Sources */,
				2DB2858526B34313005E0528 /* Random.swift in Sources */,
				2DC5EBCB2474886300741E5E /* Colors.swift in Sources */,
				2D9B7D0A24AD342900CDFA8E /* NetworkMonitor.swift in Sources */,
				2D11FD6924367EA900EC89D9 /* Journal+TextViewDelegate.swift in Sources */,
				2D8F904B243FC5B900211802 /* ActivityManager.swift in Sources */,
				2D7FCAB824324F2F00E2DEC4 /* PhotoViewController.swift in Sources */,
				2D48CC3A242548B200D0FBBB /* AppDelegate.swift in Sources */,
				2DB1D48924573DDD00512E4F /* CareManager.swift in Sources */,
				2D30E95626B9DB400000768D /* PhotoViewModel.swift in Sources */,
				2D30E95826B9DE780000768D /* StoreViewModel.swift in Sources */,
				2D9B7CFF24AD187B00CDFA8E /* StoreHelper.swift in Sources */,
				2D41EF2F242D5EBB0058C443 /* DocumentsManager.swift in Sources */,
				2DC95DDF2485AC160085DD14 /* HarvestViewController.swift in Sources */,
				2D8C838D2433CBB2006711F2 /* Data.xcdatamodeld in Sources */,
				2DD50C21242D58F600073B49 /* PhotoCollectionViewCell.swift in Sources */,
				2D384C23243BCB5E00D0FFEB /* EntryManager.swift in Sources */,
				2D26545E2440F6EE00FBFF74 /* OutsideViewController.swift in Sources */,
				2D9B7D0C24AD3CC200CDFA8E /* BuyPlantViewController.swift in Sources */,
				2DB13216247835C100FA6D71 /* DataFunctions.swift in Sources */,
				2DA327EE26B1E944002DFB2A /* OutsideVM+CoreData.swift in Sources */,
				2D03D3EC25AD01B20096A3FE /* Fireplace.swift in Sources */,
				2D9B7D0124AD18CF00CDFA8E /* ReceiptItem.swift in Sources */,
				2D867DAE243E80B7005BE38F /* Alerts.swift in Sources */,
				2D2654612441165800FBFF74 /* CellCheckDelegate.swift in Sources */,
				2DAA52292472FDDA00171A7D /* LevelManager.swift in Sources */,
				2DC3644B24ABE99C0059755A /* Products.swift in Sources */,
				2DD50C1D242D535F00073B49 /* JournalViewController.swift in Sources */,
				2D60023224A66113002188B1 /* StoreCollectionViewCell.swift in Sources */,
				2D60022E24A65DE0002188B1 /* StoreViewController.swift in Sources */,
				2D8F9042243F9E8F00211802 /* ActivityTableViewCell.swift in Sources */,
				2DB6E540248AD8CA007DA241 /* BasketTableViewCell.swift in Sources */,
				2D2EF6A62466017E00E497DC /* InventoryCollectionViewCell.swift in Sources */,
				2DA327EC26B1E6E6002DFB2A /* OutsideViewModel.swift in Sources */,
				2D2D9FB926B0B1680042B6F2 /* ViewModel.swift in Sources */,
				2DB6E544248AF375007DA241 /* Harvested.swift in Sources */,
				2D41EF31242D607C0058C443 /* FavoriteThingsViewController.swift in Sources */,
				2D8F9045243FC2EF00211802 /* ActivitiesViewController.swift in Sources */,
				2D875E112486F9480054B737 /* CalendarCollectionViewCell.swift in Sources */,
				2D70349C2490053200B952CA /* QuantityChangeDelegate.swift in Sources */,
				2D48CC3C242548B200D0FBBB /* SceneDelegate.swift in Sources */,
				2D3CC0E626B475F9000EA922 /* BasketViewModel.swift in Sources */,
				2D7FCABE2432918C00E2DEC4 /* ReminderListViewController.swift in Sources */,
				2D9B7CFD24AD17EB00CDFA8E /* Receipt.swift in Sources */,
				2D70349E24903A7B00B952CA /* Recentness.swift in Sources */,
				2D2E52FB26BB26AD007DF8A8 /* TasksViewModel.swift in Sources */,
				2D3CC0E426B47345000EA922 /* ReminderViewModel.swift in Sources */,
				2D384C21243BCA3B00D0FFEB /* PageControllerManager.swift in Sources */,
				2DB1321924783F5500FA6D71 /* ViewController+Animations.swift in Sources */,
				2D2E52F726BB2060007DF8A8 /* PlantPurchaseViewModel.swift in Sources */,
				2D7FCABA2432506100E2DEC4 /* Photo+ScrollViewDelegate.swift in Sources */,
				2DDA8C002450B7A20025950B /* AnimationTimer.swift in Sources */,
				2D5D6F362464830C00993969 /* MiniGameViewController.swift in Sources */,
				2D30E95026B9BA3A0000768D /* FavoritesViewModel.swift in Sources */,
				2D2EF6A4246600FF00E497DC /* InventoryViewController.swift in Sources */,
				2D2D9FBB26B0B21F0042B6F2 /* StatusManager.swift in Sources */,
				2D8C838F2433CDD9006711F2 /* CoreDataManager.swift in Sources */,
				2D7FCAC02432968F00E2DEC4 /* ReminderTableViewCell.swift in Sources */,
				2D25AFF82489A126003BDBE6 /* BasketViewController.swift in Sources */,
			);
			runOnlyForDeploymentPostprocessing = 0;
		};
/* End PBXSourcesBuildPhase section */

/* Begin PBXVariantGroup section */
		2D48CC3F242548B200D0FBBB /* Main.storyboard */ = {
			isa = PBXVariantGroup;
			children = (
				2D48CC40242548B200D0FBBB /* Base */,
			);
			name = Main.storyboard;
			sourceTree = "<group>";
		};
		2D48CC44242548B400D0FBBB /* LaunchScreen.storyboard */ = {
			isa = PBXVariantGroup;
			children = (
				2D48CC45242548B400D0FBBB /* Base */,
			);
			name = LaunchScreen.storyboard;
			sourceTree = "<group>";
		};
/* End PBXVariantGroup section */

/* Begin XCBuildConfiguration section */
		2D48CC48242548B400D0FBBB /* Debug */ = {
			isa = XCBuildConfiguration;
			buildSettings = {
				ALWAYS_SEARCH_USER_PATHS = NO;
				CLANG_ANALYZER_NONNULL = YES;
				CLANG_ANALYZER_NUMBER_OBJECT_CONVERSION = YES_AGGRESSIVE;
				CLANG_CXX_LANGUAGE_STANDARD = "gnu++14";
				CLANG_CXX_LIBRARY = "libc++";
				CLANG_ENABLE_MODULES = YES;
				CLANG_ENABLE_OBJC_ARC = YES;
				CLANG_ENABLE_OBJC_WEAK = YES;
				CLANG_WARN_BLOCK_CAPTURE_AUTORELEASING = YES;
				CLANG_WARN_BOOL_CONVERSION = YES;
				CLANG_WARN_COMMA = YES;
				CLANG_WARN_CONSTANT_CONVERSION = YES;
				CLANG_WARN_DEPRECATED_OBJC_IMPLEMENTATIONS = YES;
				CLANG_WARN_DIRECT_OBJC_ISA_USAGE = YES_ERROR;
				CLANG_WARN_DOCUMENTATION_COMMENTS = YES;
				CLANG_WARN_EMPTY_BODY = YES;
				CLANG_WARN_ENUM_CONVERSION = YES;
				CLANG_WARN_INFINITE_RECURSION = YES;
				CLANG_WARN_INT_CONVERSION = YES;
				CLANG_WARN_NON_LITERAL_NULL_CONVERSION = YES;
				CLANG_WARN_OBJC_IMPLICIT_RETAIN_SELF = YES;
				CLANG_WARN_OBJC_LITERAL_CONVERSION = YES;
				CLANG_WARN_OBJC_ROOT_CLASS = YES_ERROR;
				CLANG_WARN_RANGE_LOOP_ANALYSIS = YES;
				CLANG_WARN_STRICT_PROTOTYPES = YES;
				CLANG_WARN_SUSPICIOUS_MOVE = YES;
				CLANG_WARN_UNGUARDED_AVAILABILITY = YES_AGGRESSIVE;
				CLANG_WARN_UNREACHABLE_CODE = YES;
				CLANG_WARN__DUPLICATE_METHOD_MATCH = YES;
				COPY_PHASE_STRIP = NO;
				DEBUG_INFORMATION_FORMAT = dwarf;
				ENABLE_STRICT_OBJC_MSGSEND = YES;
				ENABLE_TESTABILITY = YES;
				GCC_C_LANGUAGE_STANDARD = gnu11;
				GCC_DYNAMIC_NO_PIC = NO;
				GCC_NO_COMMON_BLOCKS = YES;
				GCC_OPTIMIZATION_LEVEL = 0;
				GCC_PREPROCESSOR_DEFINITIONS = (
					"DEBUG=1",
					"$(inherited)",
				);
				GCC_WARN_64_TO_32_BIT_CONVERSION = YES;
				GCC_WARN_ABOUT_RETURN_TYPE = YES_ERROR;
				GCC_WARN_UNDECLARED_SELECTOR = YES;
				GCC_WARN_UNINITIALIZED_AUTOS = YES_AGGRESSIVE;
				GCC_WARN_UNUSED_FUNCTION = YES;
				GCC_WARN_UNUSED_VARIABLE = YES;
				IPHONEOS_DEPLOYMENT_TARGET = 13.2;
				MTL_ENABLE_DEBUG_INFO = INCLUDE_SOURCE;
				MTL_FAST_MATH = YES;
				ONLY_ACTIVE_ARCH = YES;
				SDKROOT = iphoneos;
				SWIFT_ACTIVE_COMPILATION_CONDITIONS = DEBUG;
				SWIFT_OPTIMIZATION_LEVEL = "-Onone";
			};
			name = Debug;
		};
		2D48CC49242548B400D0FBBB /* Release */ = {
			isa = XCBuildConfiguration;
			buildSettings = {
				ALWAYS_SEARCH_USER_PATHS = NO;
				CLANG_ANALYZER_NONNULL = YES;
				CLANG_ANALYZER_NUMBER_OBJECT_CONVERSION = YES_AGGRESSIVE;
				CLANG_CXX_LANGUAGE_STANDARD = "gnu++14";
				CLANG_CXX_LIBRARY = "libc++";
				CLANG_ENABLE_MODULES = YES;
				CLANG_ENABLE_OBJC_ARC = YES;
				CLANG_ENABLE_OBJC_WEAK = YES;
				CLANG_WARN_BLOCK_CAPTURE_AUTORELEASING = YES;
				CLANG_WARN_BOOL_CONVERSION = YES;
				CLANG_WARN_COMMA = YES;
				CLANG_WARN_CONSTANT_CONVERSION = YES;
				CLANG_WARN_DEPRECATED_OBJC_IMPLEMENTATIONS = YES;
				CLANG_WARN_DIRECT_OBJC_ISA_USAGE = YES_ERROR;
				CLANG_WARN_DOCUMENTATION_COMMENTS = YES;
				CLANG_WARN_EMPTY_BODY = YES;
				CLANG_WARN_ENUM_CONVERSION = YES;
				CLANG_WARN_INFINITE_RECURSION = YES;
				CLANG_WARN_INT_CONVERSION = YES;
				CLANG_WARN_NON_LITERAL_NULL_CONVERSION = YES;
				CLANG_WARN_OBJC_IMPLICIT_RETAIN_SELF = YES;
				CLANG_WARN_OBJC_LITERAL_CONVERSION = YES;
				CLANG_WARN_OBJC_ROOT_CLASS = YES_ERROR;
				CLANG_WARN_RANGE_LOOP_ANALYSIS = YES;
				CLANG_WARN_STRICT_PROTOTYPES = YES;
				CLANG_WARN_SUSPICIOUS_MOVE = YES;
				CLANG_WARN_UNGUARDED_AVAILABILITY = YES_AGGRESSIVE;
				CLANG_WARN_UNREACHABLE_CODE = YES;
				CLANG_WARN__DUPLICATE_METHOD_MATCH = YES;
				COPY_PHASE_STRIP = NO;
				DEBUG_INFORMATION_FORMAT = "dwarf-with-dsym";
				ENABLE_NS_ASSERTIONS = NO;
				ENABLE_STRICT_OBJC_MSGSEND = YES;
				GCC_C_LANGUAGE_STANDARD = gnu11;
				GCC_NO_COMMON_BLOCKS = YES;
				GCC_WARN_64_TO_32_BIT_CONVERSION = YES;
				GCC_WARN_ABOUT_RETURN_TYPE = YES_ERROR;
				GCC_WARN_UNDECLARED_SELECTOR = YES;
				GCC_WARN_UNINITIALIZED_AUTOS = YES_AGGRESSIVE;
				GCC_WARN_UNUSED_FUNCTION = YES;
				GCC_WARN_UNUSED_VARIABLE = YES;
				IPHONEOS_DEPLOYMENT_TARGET = 13.2;
				MTL_ENABLE_DEBUG_INFO = NO;
				MTL_FAST_MATH = YES;
				ONLY_ACTIVE_ARCH = NO;
				SDKROOT = iphoneos;
				SWIFT_COMPILATION_MODE = wholemodule;
				SWIFT_OPTIMIZATION_LEVEL = "-O";
				VALIDATE_PRODUCT = YES;
			};
			name = Release;
		};
		2D48CC4B242548B400D0FBBB /* Debug */ = {
			isa = XCBuildConfiguration;
			baseConfigurationReference = 7342098CA9156F3920FAC3AF /* Pods-Calm Cloud.debug.xcconfig */;
			buildSettings = {
				ALWAYS_SEARCH_USER_PATHS = YES;
				ASSETCATALOG_COMPILER_APPICON_NAME = AppIcon;
				CODE_SIGN_ENTITLEMENTS = "Calm Cloud/Calm Cloud.entitlements";
				CODE_SIGN_STYLE = Automatic;
				DEVELOPMENT_TEAM = A8R365GJ52;
				ENABLE_BITCODE = NO;
				INFOPLIST_FILE = "Calm Cloud/Info.plist";
				IPHONEOS_DEPLOYMENT_TARGET = 12.0;
				LD_RUNPATH_SEARCH_PATHS = (
					"$(inherited)",
					"@executable_path/Frameworks",
				);
				LIBRARY_SEARCH_PATHS = (
					"$(inherited)",
					"$(PROJECT_DIR)/Pods/OpenSSL-Universal/ios/lib",
				);
				MARKETING_VERSION = 2.0.2;
				PRODUCT_BUNDLE_IDENTIFIER = "com.kduncan-welke.CalmCloud";
				PRODUCT_NAME = "$(TARGET_NAME)";
				SWIFT_OBJC_BRIDGING_HEADER = "/Users/kateduncan-welke/Documents/GitHub/Calm-Cloud/Calm Cloud/header.h";
				SWIFT_VERSION = 5.0;
				TARGETED_DEVICE_FAMILY = "1,2";
				USER_HEADER_SEARCH_PATHS = "$(SRCROOT)/Pods/OpenSSL-Universal/ios/include";
			};
			name = Debug;
		};
		2D48CC4C242548B400D0FBBB /* Release */ = {
			isa = XCBuildConfiguration;
			baseConfigurationReference = E37AE3B8A5B8DED3AE9FFF65 /* Pods-Calm Cloud.release.xcconfig */;
			buildSettings = {
				ALWAYS_SEARCH_USER_PATHS = YES;
				ASSETCATALOG_COMPILER_APPICON_NAME = AppIcon;
				CODE_SIGN_ENTITLEMENTS = "Calm Cloud/Calm Cloud.entitlements";
				CODE_SIGN_STYLE = Automatic;
				DEVELOPMENT_TEAM = A8R365GJ52;
				ENABLE_BITCODE = NO;
				INFOPLIST_FILE = "Calm Cloud/Info.plist";
				IPHONEOS_DEPLOYMENT_TARGET = 12.0;
				LD_RUNPATH_SEARCH_PATHS = (
					"$(inherited)",
					"@executable_path/Frameworks",
				);
				LIBRARY_SEARCH_PATHS = (
					"$(inherited)",
					"$(PROJECT_DIR)/Pods/OpenSSL-Universal/ios/lib",
				);
				MARKETING_VERSION = 2.0.2;
				PRODUCT_BUNDLE_IDENTIFIER = "com.kduncan-welke.CalmCloud";
				PRODUCT_NAME = "$(TARGET_NAME)";
				SWIFT_OBJC_BRIDGING_HEADER = "/Users/kateduncan-welke/Documents/GitHub/Calm-Cloud/Calm Cloud/header.h";
				SWIFT_VERSION = 5.0;
				TARGETED_DEVICE_FAMILY = "1,2";
				USER_HEADER_SEARCH_PATHS = "$(SRCROOT)/Pods/OpenSSL-Universal/ios/include";
			};
			name = Release;
		};
/* End XCBuildConfiguration section */

/* Begin XCConfigurationList section */
		2D48CC31242548B200D0FBBB /* Build configuration list for PBXProject "Calm Cloud" */ = {
			isa = XCConfigurationList;
			buildConfigurations = (
				2D48CC48242548B400D0FBBB /* Debug */,
				2D48CC49242548B400D0FBBB /* Release */,
			);
			defaultConfigurationIsVisible = 0;
			defaultConfigurationName = Release;
		};
		2D48CC4A242548B400D0FBBB /* Build configuration list for PBXNativeTarget "Calm Cloud" */ = {
			isa = XCConfigurationList;
			buildConfigurations = (
				2D48CC4B242548B400D0FBBB /* Debug */,
				2D48CC4C242548B400D0FBBB /* Release */,
			);
			defaultConfigurationIsVisible = 0;
			defaultConfigurationName = Release;
		};
/* End XCConfigurationList section */

/* Begin XCVersionGroup section */
		2D8C838B2433CBB2006711F2 /* Data.xcdatamodeld */ = {
			isa = XCVersionGroup;
			children = (
				2D03D3E825ACD5DA0096A3FE /* Data v2.xcdatamodel */,
				2D8C838C2433CBB2006711F2 /* Data.xcdatamodel */,
			);
			currentVersion = 2D03D3E825ACD5DA0096A3FE /* Data v2.xcdatamodel */;
			path = Data.xcdatamodeld;
			sourceTree = "<group>";
			versionGroupType = wrapper.xcdatamodel;
		};
/* End XCVersionGroup section */
	};
	rootObject = 2D48CC2E242548B200D0FBBB /* Project object */;
}
